{
  "version": 4,
  "terraform_version": "1.13.3",
  "serial": 188,
  "lineage": "6946a5f4-29cf-599c-894d-9e44a0497e30",
  "outputs": {
    "ssh_private_key_path": {
      "value": "./techcorp-key.pem",
      "type": "string"
    },
    "ssh_to_bastion_command": {
      "value": "ssh -i ./techcorp-key.pem ec2-user@34.198.34.244",
      "type": "string"
    },
    "ssh_to_db_server_via_bastion": {
      "value": "ssh -i ./techcorp-key.pem -J ec2-user@34.198.34.244 ec2-user@10.0.3.75",
      "type": "string"
    },
    "ssh_to_web_server_1_via_bastion": {
      "value": "ssh -i ./techcorp-key.pem -J ec2-user@34.198.34.244 ec2-user@10.0.3.202",
      "type": "string"
    },
    "ssh_to_web_server_2_via_bastion": {
      "value": "ssh -i ./techcorp-key.pem -J ec2-user@34.198.34.244 ec2-user@10.0.4.216",
      "type": "string"
    }
  },
  "resources": [
    {
      "mode": "data",
      "type": "aws_ami",
      "name": "amazon_linux_2",
      "provider": "provider[\"registry.terraform.io/hashicorp/aws\"]",
      "instances": [
        {
          "schema_version": 0,
          "attributes": {
            "allow_unsafe_filter": null,
            "architecture": "x86_64",
            "arn": "arn:aws:ec2:us-east-1::image/ami-0601422bf6afa8ac3",
            "block_device_mappings": [
              {
                "device_name": "/dev/xvda",
                "ebs": {
                  "delete_on_termination": "true",
                  "encrypted": "false",
                  "iops": "0",
                  "snapshot_id": "snap-009bb0813babda1d2",
                  "throughput": "0",
                  "volume_initialization_rate": "0",
                  "volume_size": "8",
                  "volume_type": "gp2"
                },
                "no_device": "",
                "virtual_name": ""
              }
            ],
            "boot_mode": "",
            "creation_date": "2025-10-24T17:55:29.000Z",
            "deprecation_time": "2026-01-22T00:00:00.000Z",
            "description": "Amazon Linux 2 AMI 2.0.20251027.1 x86_64 HVM gp2",
            "ena_support": true,
            "executable_users": null,
            "filter": [
              {
                "name": "name",
                "values": [
                  "amzn2-ami-hvm-*-x86_64-gp2"
                ]
              },
              {
                "name": "virtualization-type",
                "values": [
                  "hvm"
                ]
              }
            ],
            "hypervisor": "xen",
            "id": "ami-0601422bf6afa8ac3",
            "image_id": "ami-0601422bf6afa8ac3",
            "image_location": "amazon/amzn2-ami-hvm-2.0.20251027.1-x86_64-gp2",
            "image_owner_alias": "amazon",
            "image_type": "machine",
            "imds_support": "",
            "include_deprecated": false,
            "kernel_id": "",
            "last_launched_time": "",
            "most_recent": true,
            "name": "amzn2-ami-hvm-2.0.20251027.1-x86_64-gp2",
            "name_regex": null,
            "owner_id": "137112412989",
            "owners": [
              "amazon"
            ],
            "platform": "",
            "platform_details": "Linux/UNIX",
            "product_codes": [],
            "public": true,
            "ramdisk_id": "",
            "region": "us-east-1",
            "root_device_name": "/dev/xvda",
            "root_device_type": "ebs",
            "root_snapshot_id": "snap-009bb0813babda1d2",
            "sriov_net_support": "simple",
            "state": "available",
            "state_reason": {
              "code": "UNSET",
              "message": "UNSET"
            },
            "tags": {},
            "timeouts": null,
            "tpm_support": "",
            "uefi_data": null,
            "usage_operation": "RunInstances",
            "virtualization_type": "hvm"
          },
          "sensitive_attributes": [],
          "identity_schema_version": 0
        }
      ]
    },
    {
      "mode": "data",
      "type": "aws_availability_zones",
      "name": "available",
      "provider": "provider[\"registry.terraform.io/hashicorp/aws\"]",
      "instances": [
        {
          "schema_version": 0,
          "attributes": {
            "all_availability_zones": null,
            "exclude_names": null,
            "exclude_zone_ids": null,
            "filter": null,
            "group_names": [
              "us-east-1-zg-1"
            ],
            "id": "us-east-1",
            "names": [
              "us-east-1a",
              "us-east-1b",
              "us-east-1c",
              "us-east-1d",
              "us-east-1e",
              "us-east-1f"
            ],
            "region": "us-east-1",
            "state": "available",
            "timeouts": null,
            "zone_ids": [
              "use1-az4",
              "use1-az6",
              "use1-az1",
              "use1-az2",
              "use1-az3",
              "use1-az5"
            ]
          },
          "sensitive_attributes": [],
          "identity_schema_version": 0
        }
      ]
    },
    {
      "mode": "managed",
      "type": "aws_eip",
      "name": "bastion_eip",
      "provider": "provider[\"registry.terraform.io/hashicorp/aws\"]",
      "instances": [
        {
          "schema_version": 0,
          "attributes": {
            "address": null,
            "allocation_id": "eipalloc-0b786a3958972ccef",
            "arn": "arn:aws:ec2:us-east-1:281934764171:elastic-ip/eipalloc-0b786a3958972ccef",
            "associate_with_private_ip": null,
            "association_id": "eipassoc-0f9340b9bfe1a4639",
            "carrier_ip": "",
            "customer_owned_ip": "",
            "customer_owned_ipv4_pool": "",
            "domain": "vpc",
            "id": "eipalloc-0b786a3958972ccef",
            "instance": "i-0bb8fb22bdf7f63ee",
            "ipam_pool_id": null,
            "network_border_group": "us-east-1",
            "network_interface": "eni-022a0f21150737023",
            "private_dns": "ip-10-0-1-247.ec2.internal",
            "private_ip": "10.0.1.247",
            "ptr_record": "",
            "public_dns": "ec2-34-198-34-244.compute-1.amazonaws.com",
            "public_ip": "34.198.34.244",
            "public_ipv4_pool": "amazon",
            "region": "us-east-1",
            "tags": {
              "Name": "techcorp-bastion-eip"
            },
            "tags_all": {
              "Name": "techcorp-bastion-eip"
            },
            "timeouts": null
          },
          "sensitive_attributes": [],
          "identity_schema_version": 0,
          "private": "eyJlMmJmYjczMC1lY2FhLTExZTYtOGY4OC0zNDM2M2JjN2M0YzAiOnsiZGVsZXRlIjoxODAwMDAwMDAwMDAsInJlYWQiOjkwMDAwMDAwMDAwMCwidXBkYXRlIjozMDAwMDAwMDAwMDB9fQ==",
          "dependencies": [
            "aws_instance.bastion",
            "aws_internet_gateway.igw",
            "aws_key_pair.techcorp_key",
            "aws_security_group.bastion_sg",
            "aws_subnet.public_subnet_1",
            "aws_vpc.main_vpc",
            "data.aws_ami.amazon_linux_2",
            "data.aws_availability_zones.available",
            "tls_private_key.techcorp_key"
          ]
        }
      ]
    },
    {
      "mode": "managed",
      "type": "aws_eip",
      "name": "nat_eip_1",
      "provider": "provider[\"registry.terraform.io/hashicorp/aws\"]",
      "instances": [
        {
          "schema_version": 0,
          "attributes": {
            "address": null,
            "allocation_id": "eipalloc-08d7173d8645ed253",
            "arn": "arn:aws:ec2:us-east-1:281934764171:elastic-ip/eipalloc-08d7173d8645ed253",
            "associate_with_private_ip": null,
            "association_id": "eipassoc-048f3a82431f566d2",
            "carrier_ip": "",
            "customer_owned_ip": "",
            "customer_owned_ipv4_pool": "",
            "domain": "vpc",
            "id": "eipalloc-08d7173d8645ed253",
            "instance": "",
            "ipam_pool_id": null,
            "network_border_group": "us-east-1",
            "network_interface": "eni-0c3d1037219ac2542",
            "private_dns": "ip-10-0-1-166.ec2.internal",
            "private_ip": "10.0.1.166",
            "ptr_record": "",
            "public_dns": "ec2-52-3-240-147.compute-1.amazonaws.com",
            "public_ip": "52.3.240.147",
            "public_ipv4_pool": "amazon",
            "region": "us-east-1",
            "tags": {
              "Name": "techcorp-nat-eip-1"
            },
            "tags_all": {
              "Name": "techcorp-nat-eip-1"
            },
            "timeouts": null
          },
          "sensitive_attributes": [],
          "identity_schema_version": 0,
          "private": "eyJlMmJmYjczMC1lY2FhLTExZTYtOGY4OC0zNDM2M2JjN2M0YzAiOnsiZGVsZXRlIjoxODAwMDAwMDAwMDAsInJlYWQiOjkwMDAwMDAwMDAwMCwidXBkYXRlIjozMDAwMDAwMDAwMDB9fQ==",
          "dependencies": [
            "aws_internet_gateway.igw",
            "aws_vpc.main_vpc"
          ]
        }
      ]
    },
    {
      "mode": "managed",
      "type": "aws_eip",
      "name": "nat_eip_2",
      "provider": "provider[\"registry.terraform.io/hashicorp/aws\"]",
      "instances": [
        {
          "schema_version": 0,
          "attributes": {
            "address": null,
            "allocation_id": "eipalloc-0d481a097ed94b6c7",
            "arn": "arn:aws:ec2:us-east-1:281934764171:elastic-ip/eipalloc-0d481a097ed94b6c7",
            "associate_with_private_ip": null,
            "association_id": "eipassoc-073bf3188b49e77b8",
            "carrier_ip": "",
            "customer_owned_ip": "",
            "customer_owned_ipv4_pool": "",
            "domain": "vpc",
            "id": "eipalloc-0d481a097ed94b6c7",
            "instance": "",
            "ipam_pool_id": null,
            "network_border_group": "us-east-1",
            "network_interface": "eni-0264ce453e4c31b5b",
            "private_dns": "ip-10-0-2-121.ec2.internal",
            "private_ip": "10.0.2.121",
            "ptr_record": "",
            "public_dns": "ec2-34-226-164-146.compute-1.amazonaws.com",
            "public_ip": "34.226.164.146",
            "public_ipv4_pool": "amazon",
            "region": "us-east-1",
            "tags": {
              "Name": "techcorp-nat-eip-2"
            },
            "tags_all": {
              "Name": "techcorp-nat-eip-2"
            },
            "timeouts": null
          },
          "sensitive_attributes": [],
          "identity_schema_version": 0,
          "private": "eyJlMmJmYjczMC1lY2FhLTExZTYtOGY4OC0zNDM2M2JjN2M0YzAiOnsiZGVsZXRlIjoxODAwMDAwMDAwMDAsInJlYWQiOjkwMDAwMDAwMDAwMCwidXBkYXRlIjozMDAwMDAwMDAwMDB9fQ==",
          "dependencies": [
            "aws_internet_gateway.igw",
            "aws_vpc.main_vpc"
          ]
        }
      ]
    },
    {
      "mode": "managed",
      "type": "aws_instance",
      "name": "bastion",
      "provider": "provider[\"registry.terraform.io/hashicorp/aws\"]",
      "instances": [
        {
          "schema_version": 2,
          "attributes": {
            "ami": "ami-0601422bf6afa8ac3",
            "arn": "arn:aws:ec2:us-east-1:281934764171:instance/i-0bb8fb22bdf7f63ee",
            "associate_public_ip_address": true,
            "availability_zone": "us-east-1a",
            "capacity_reservation_specification": [
              {
                "capacity_reservation_preference": "open",
                "capacity_reservation_target": []
              }
            ],
            "cpu_options": [
              {
                "amd_sev_snp": "",
                "core_count": 1,
                "threads_per_core": 2
              }
            ],
            "credit_specification": [
              {
                "cpu_credits": "unlimited"
              }
            ],
            "disable_api_stop": false,
            "disable_api_termination": false,
            "ebs_block_device": [],
            "ebs_optimized": false,
            "enable_primary_ipv6": null,
            "enclave_options": [
              {
                "enabled": false
              }
            ],
            "ephemeral_block_device": [],
            "force_destroy": false,
            "get_password_data": false,
            "hibernation": false,
            "host_id": "",
            "host_resource_group_arn": null,
            "iam_instance_profile": "",
            "id": "i-0bb8fb22bdf7f63ee",
            "instance_initiated_shutdown_behavior": "stop",
            "instance_lifecycle": "",
            "instance_market_options": [],
            "instance_state": "running",
            "instance_type": "t3.micro",
            "ipv6_address_count": 0,
            "ipv6_addresses": [],
            "key_name": "techcorp-key",
            "launch_template": [],
            "maintenance_options": [
              {
                "auto_recovery": "default"
              }
            ],
            "metadata_options": [
              {
                "http_endpoint": "enabled",
                "http_protocol_ipv6": "disabled",
                "http_put_response_hop_limit": 1,
                "http_tokens": "optional",
                "instance_metadata_tags": "disabled"
              }
            ],
            "monitoring": false,
            "network_interface": [],
            "outpost_arn": "",
            "password_data": "",
            "placement_group": "",
            "placement_group_id": "",
            "placement_partition_number": 0,
            "primary_network_interface": [
              {
                "delete_on_termination": true,
                "network_interface_id": "eni-022a0f21150737023"
              }
            ],
            "primary_network_interface_id": "eni-022a0f21150737023",
            "private_dns": "ip-10-0-1-247.ec2.internal",
            "private_dns_name_options": [
              {
                "enable_resource_name_dns_a_record": false,
                "enable_resource_name_dns_aaaa_record": false,
                "hostname_type": "ip-name"
              }
            ],
            "private_ip": "10.0.1.247",
            "public_dns": "ec2-34-198-34-244.compute-1.amazonaws.com",
            "public_ip": "34.198.34.244",
            "region": "us-east-1",
            "root_block_device": [
              {
                "delete_on_termination": true,
                "device_name": "/dev/xvda",
                "encrypted": false,
                "iops": 100,
                "kms_key_id": "",
                "tags": {},
                "tags_all": {},
                "throughput": 0,
                "volume_id": "vol-0cf24e417b2c89499",
                "volume_size": 8,
                "volume_type": "gp2"
              }
            ],
            "secondary_private_ips": [],
            "security_groups": [],
            "source_dest_check": true,
            "spot_instance_request_id": "",
            "subnet_id": "subnet-0a09a0f750dce96eb",
            "tags": {
              "Name": "techcorp-bastion"
            },
            "tags_all": {
              "Name": "techcorp-bastion"
            },
            "tenancy": "default",
            "timeouts": null,
            "user_data": null,
            "user_data_base64": null,
            "user_data_replace_on_change": false,
            "volume_tags": null,
            "vpc_security_group_ids": [
              "sg-00e004ffdc8155e5f"
            ]
          },
          "sensitive_attributes": [],
          "identity_schema_version": 0,
          "identity": {
            "account_id": "281934764171",
            "id": "i-0bb8fb22bdf7f63ee",
            "region": "us-east-1"
          },
          "private": "eyJlMmJmYjczMC1lY2FhLTExZTYtOGY4OC0zNDM2M2JjN2M0YzAiOnsiY3JlYXRlIjo2MDAwMDAwMDAwMDAsImRlbGV0ZSI6MTIwMDAwMDAwMDAwMCwicmVhZCI6OTAwMDAwMDAwMDAwLCJ1cGRhdGUiOjYwMDAwMDAwMDAwMH0sInNjaGVtYV92ZXJzaW9uIjoiMiJ9",
          "dependencies": [
            "aws_key_pair.techcorp_key",
            "aws_security_group.bastion_sg",
            "aws_subnet.public_subnet_1",
            "aws_vpc.main_vpc",
            "data.aws_ami.amazon_linux_2",
            "data.aws_availability_zones.available",
            "tls_private_key.techcorp_key"
          ]
        }
      ]
    },
    {
      "mode": "managed",
      "type": "aws_instance",
      "name": "db_server",
      "provider": "provider[\"registry.terraform.io/hashicorp/aws\"]",
      "instances": [
        {
          "schema_version": 2,
          "attributes": {
            "ami": "ami-0601422bf6afa8ac3",
            "arn": "arn:aws:ec2:us-east-1:281934764171:instance/i-01a1544cfbeaf1105",
            "associate_public_ip_address": false,
            "availability_zone": "us-east-1a",
            "capacity_reservation_specification": [
              {
                "capacity_reservation_preference": "open",
                "capacity_reservation_target": []
              }
            ],
            "cpu_options": [
              {
                "amd_sev_snp": "",
                "core_count": 1,
                "threads_per_core": 2
              }
            ],
            "credit_specification": [
              {
                "cpu_credits": "unlimited"
              }
            ],
            "disable_api_stop": false,
            "disable_api_termination": false,
            "ebs_block_device": [],
            "ebs_optimized": false,
            "enable_primary_ipv6": null,
            "enclave_options": [
              {
                "enabled": false
              }
            ],
            "ephemeral_block_device": [],
            "force_destroy": false,
            "get_password_data": false,
            "hibernation": false,
            "host_id": "",
            "host_resource_group_arn": null,
            "iam_instance_profile": "",
            "id": "i-01a1544cfbeaf1105",
            "instance_initiated_shutdown_behavior": "stop",
            "instance_lifecycle": "",
            "instance_market_options": [],
            "instance_state": "running",
            "instance_type": "t3.small",
            "ipv6_address_count": 0,
            "ipv6_addresses": [],
            "key_name": "techcorp-key",
            "launch_template": [],
            "maintenance_options": [
              {
                "auto_recovery": "default"
              }
            ],
            "metadata_options": [
              {
                "http_endpoint": "enabled",
                "http_protocol_ipv6": "disabled",
                "http_put_response_hop_limit": 1,
                "http_tokens": "optional",
                "instance_metadata_tags": "disabled"
              }
            ],
            "monitoring": false,
            "network_interface": [],
            "outpost_arn": "",
            "password_data": "",
            "placement_group": "",
            "placement_group_id": "",
            "placement_partition_number": 0,
            "primary_network_interface": [
              {
                "delete_on_termination": true,
                "network_interface_id": "eni-0ea2a1fab62f83391"
              }
            ],
            "primary_network_interface_id": "eni-0ea2a1fab62f83391",
            "private_dns": "ip-10-0-3-75.ec2.internal",
            "private_dns_name_options": [
              {
                "enable_resource_name_dns_a_record": false,
                "enable_resource_name_dns_aaaa_record": false,
                "hostname_type": "ip-name"
              }
            ],
            "private_ip": "10.0.3.75",
            "public_dns": "",
            "public_ip": "",
            "region": "us-east-1",
            "root_block_device": [
              {
                "delete_on_termination": true,
                "device_name": "/dev/xvda",
                "encrypted": false,
                "iops": 100,
                "kms_key_id": "",
                "tags": {},
                "tags_all": {},
                "throughput": 0,
                "volume_id": "vol-022f40b862a07b832",
                "volume_size": 8,
                "volume_type": "gp2"
              }
            ],
            "secondary_private_ips": [],
            "security_groups": [],
            "source_dest_check": true,
            "spot_instance_request_id": "",
            "subnet_id": "subnet-060b7b8d2ae1ffb97",
            "tags": {
              "Name": "techcorp-db-server"
            },
            "tags_all": {
              "Name": "techcorp-db-server"
            },
            "tenancy": "default",
            "timeouts": null,
            "user_data": "#!/bin/bash\nset -e\nyum update -y\n\namazon-linux-extras install postgresql14 -y\n\npostgresql-setup --initdb\n\nsystemctl start postgresql\nsystemctl enable postgresql \n\ncp /var/lib/pgsql/data/postgresql.conf /var/lib/pgsql/data/postgresql.conf.backup\ncp /var/lib/pgsql/data/pg_hba.conf /var/lib/pgsql/data/pg_hba.conf.backup\n\nsed -i \"s/#listen_addresses = 'localhost'/listen_addresses = '*'/\" /var/lib/pgsql/data/postgresql.conf\n\ncat \u003e\u003e /var/lib/pgsql/data/pg_hba.conf \u003c\u003c EOF\n\n# Allow connections from VPC\nhost    all             all             10.0.0.0/16             md5\nEOF\n\nsystemctl restart postgresql\n\nsudo -u postgres psql \u003c\u003c EOF\n-- Create a database\nCREATE DATABASE techcorp_db;\n\n-- Create a user with password\nCREATE USER techcorp_user WITH ENCRYPTED PASSWORD 'TechCorp2024!';\n\n-- Grant privileges\nGRANT ALL PRIVILEGES ON DATABASE techcorp_db TO techcorp_user;\n\n-- Create a sample table\n\\c techcorp_db\nCREATE TABLE server_info (\n    id SERIAL PRIMARY KEY,\n    server_name VARCHAR(100),\n    created_at TIMESTAMP DEFAULT CURRENT_TIMESTAMP\n);\n\n-- Insert sample data\nINSERT INTO server_info (server_name) VALUES ('TechCorp Database Server');\n\n-- Grant table privileges\nGRANT ALL PRIVILEGES ON ALL TABLES IN SCHEMA public TO techcorp_user;\nGRANT ALL PRIVILEGES ON ALL SEQUENCES IN SCHEMA public TO techcorp_user;\nEOF\n\necho \"PostgreSQL setup completed successfully!\"\necho \"Database: techcorp_db\"\necho \"User: techcorp_user\"\necho \"Password: TechCorp2024!\"\necho \"Connection example: psql -h localhost -U techcorp_user -d techcorp_db\"\n```\n",
            "user_data_base64": null,
            "user_data_replace_on_change": false,
            "volume_tags": null,
            "vpc_security_group_ids": [
              "sg-07239937c73bcc316"
            ]
          },
          "sensitive_attributes": [],
          "identity_schema_version": 0,
          "identity": {
            "account_id": "281934764171",
            "id": "i-01a1544cfbeaf1105",
            "region": "us-east-1"
          },
          "private": "eyJlMmJmYjczMC1lY2FhLTExZTYtOGY4OC0zNDM2M2JjN2M0YzAiOnsiY3JlYXRlIjo2MDAwMDAwMDAwMDAsImRlbGV0ZSI6MTIwMDAwMDAwMDAwMCwicmVhZCI6OTAwMDAwMDAwMDAwLCJ1cGRhdGUiOjYwMDAwMDAwMDAwMH0sInNjaGVtYV92ZXJzaW9uIjoiMiJ9",
          "dependencies": [
            "aws_eip.nat_eip_1",
            "aws_internet_gateway.igw",
            "aws_key_pair.techcorp_key",
            "aws_nat_gateway.nat_gw_1",
            "aws_security_group.bastion_sg",
            "aws_security_group.db_sg",
            "aws_security_group.web_sg",
            "aws_subnet.private_subnet_1",
            "aws_subnet.public_subnet_1",
            "aws_vpc.main_vpc",
            "data.aws_ami.amazon_linux_2",
            "data.aws_availability_zones.available",
            "tls_private_key.techcorp_key"
          ]
        }
      ]
    },
    {
      "mode": "managed",
      "type": "aws_instance",
      "name": "web_server_1",
      "provider": "provider[\"registry.terraform.io/hashicorp/aws\"]",
      "instances": [
        {
          "schema_version": 2,
          "attributes": {
            "ami": "ami-0601422bf6afa8ac3",
            "arn": "arn:aws:ec2:us-east-1:281934764171:instance/i-0c75e511ef876d6b6",
            "associate_public_ip_address": false,
            "availability_zone": "us-east-1a",
            "capacity_reservation_specification": [
              {
                "capacity_reservation_preference": "open",
                "capacity_reservation_target": []
              }
            ],
            "cpu_options": [
              {
                "amd_sev_snp": "",
                "core_count": 1,
                "threads_per_core": 2
              }
            ],
            "credit_specification": [
              {
                "cpu_credits": "unlimited"
              }
            ],
            "disable_api_stop": false,
            "disable_api_termination": false,
            "ebs_block_device": [],
            "ebs_optimized": false,
            "enable_primary_ipv6": null,
            "enclave_options": [
              {
                "enabled": false
              }
            ],
            "ephemeral_block_device": [],
            "force_destroy": false,
            "get_password_data": false,
            "hibernation": false,
            "host_id": "",
            "host_resource_group_arn": null,
            "iam_instance_profile": "",
            "id": "i-0c75e511ef876d6b6",
            "instance_initiated_shutdown_behavior": "stop",
            "instance_lifecycle": "",
            "instance_market_options": [],
            "instance_state": "running",
            "instance_type": "t3.micro",
            "ipv6_address_count": 0,
            "ipv6_addresses": [],
            "key_name": "techcorp-key",
            "launch_template": [],
            "maintenance_options": [
              {
                "auto_recovery": "default"
              }
            ],
            "metadata_options": [
              {
                "http_endpoint": "enabled",
                "http_protocol_ipv6": "disabled",
                "http_put_response_hop_limit": 1,
                "http_tokens": "optional",
                "instance_metadata_tags": "disabled"
              }
            ],
            "monitoring": false,
            "network_interface": [],
            "outpost_arn": "",
            "password_data": "",
            "placement_group": "",
            "placement_group_id": "",
            "placement_partition_number": 0,
            "primary_network_interface": [
              {
                "delete_on_termination": true,
                "network_interface_id": "eni-0f287f8df510e4c5d"
              }
            ],
            "primary_network_interface_id": "eni-0f287f8df510e4c5d",
            "private_dns": "ip-10-0-3-202.ec2.internal",
            "private_dns_name_options": [
              {
                "enable_resource_name_dns_a_record": false,
                "enable_resource_name_dns_aaaa_record": false,
                "hostname_type": "ip-name"
              }
            ],
            "private_ip": "10.0.3.202",
            "public_dns": "",
            "public_ip": "",
            "region": "us-east-1",
            "root_block_device": [
              {
                "delete_on_termination": true,
                "device_name": "/dev/xvda",
                "encrypted": false,
                "iops": 100,
                "kms_key_id": "",
                "tags": {},
                "tags_all": {},
                "throughput": 0,
                "volume_id": "vol-0d5e53bda8d8affcd",
                "volume_size": 8,
                "volume_type": "gp2"
              }
            ],
            "secondary_private_ips": [],
            "security_groups": [],
            "source_dest_check": true,
            "spot_instance_request_id": "",
            "subnet_id": "subnet-060b7b8d2ae1ffb97",
            "tags": {
              "Name": "techcorp-web-server-1"
            },
            "tags_all": {
              "Name": "techcorp-web-server-1"
            },
            "tenancy": "default",
            "timeouts": null,
            "user_data": "#!/bin/bash\nset -e\n\nyum update -y\n\nyum install -y httpd\n\nINSTANCE_ID=$(ec2-metadata --instance-id | cut -d \" \" -f 2)\nAVAILABILITY_ZONE=$(ec2-metadata --availability-zone | cut -d \" \" -f 2)\nPRIVATE_IP=$(ec2-metadata --local-ipv4 | cut -d \" \" -f 2)\n\ncat \u003e /var/www/html/index.html \u003c\u003c EOF\n\u003c!DOCTYPE html\u003e\n\u003chtml lang=\"en\"\u003e\n\u003chead\u003e\n    \u003cmeta charset=\"UTF-8\"\u003e\n    \u003cmeta name=\"viewport\" content=\"width=device-width, initial-scale=1.0\"\u003e\n    \u003ctitle\u003eTechCorp Web Server\u003c/title\u003e\n    \u003cstyle\u003e\n        body {\n            font-family: Arial, sans-serif;\n            background: linear-gradient(135deg, #667eea 0%, #764ba2 100%);\n            color: white;\n            display: flex;\n            justify-content: center;\n            align-items: center;\n            height: 100vh;\n            margin: 0;\n        }\n        .container {\n            text-align: center;\n            background: rgba(255, 255, 255, 0.1);\n            padding: 50px;\n            border-radius: 20px;\n            box-shadow: 0 8px 32px 0 rgba(31, 38, 135, 0.37);\n            backdrop-filter: blur(4px);\n            border: 1px solid rgba(255, 255, 255, 0.18);\n        }\n        h1 {\n            font-size: 3em;\n            margin-bottom: 20px;\n        }\n        .info {\n            font-size: 1.2em;\n            margin: 10px 0;\n        }\n        .badge {\n            display: inline-block;\n            background: rgba(255, 255, 255, 0.2);\n            padding: 10px 20px;\n            border-radius: 10px;\n            margin: 10px;\n        }\n    \u003c/style\u003e\n\u003c/head\u003e\n\u003cbody\u003e\n    \u003cdiv class=\"container\"\u003e\n        \u003ch1\u003e TechCorp Web Server\u003c/h1\u003e\n        \u003cdiv class=\"info\"\u003e\n            \u003cdiv class=\"badge\"\u003e\n                \u003cstrong\u003eInstance ID:\u003c/strong\u003e $INSTANCE_ID\n            \u003c/div\u003e\n        \u003c/div\u003e\n        \u003cdiv class=\"info\"\u003e\n            \u003cdiv class=\"badge\"\u003e\n                \u003cstrong\u003eAvailability Zone:\u003c/strong\u003e $AVAILABILITY_ZONE\n            \u003c/div\u003e\n        \u003c/div\u003e\n        \u003cdiv class=\"info\"\u003e\n            \u003cdiv class=\"badge\"\u003e\n                \u003cstrong\u003ePrivate IP:\u003c/strong\u003e $PRIVATE_IP\n            \u003c/div\u003e\n        \u003c/div\u003e\n        \u003cp style=\"margin-top: 30px;\"\u003e Apache HTTP Server is running successfully!\u003c/p\u003e\n    \u003c/div\u003e\n\u003c/body\u003e\n\u003c/html\u003e\nEOF\n\n\nsystemctl start httpd\nsystemctl enable httpd\n\n\n\necho \"Web server setup completed successfully!\"",
            "user_data_base64": null,
            "user_data_replace_on_change": false,
            "volume_tags": null,
            "vpc_security_group_ids": [
              "sg-03a261ba12dadef5c"
            ]
          },
          "sensitive_attributes": [],
          "identity_schema_version": 0,
          "identity": {
            "account_id": "281934764171",
            "id": "i-0c75e511ef876d6b6",
            "region": "us-east-1"
          },
          "private": "eyJlMmJmYjczMC1lY2FhLTExZTYtOGY4OC0zNDM2M2JjN2M0YzAiOnsiY3JlYXRlIjo2MDAwMDAwMDAwMDAsImRlbGV0ZSI6MTIwMDAwMDAwMDAwMCwicmVhZCI6OTAwMDAwMDAwMDAwLCJ1cGRhdGUiOjYwMDAwMDAwMDAwMH0sInNjaGVtYV92ZXJzaW9uIjoiMiJ9",
          "dependencies": [
            "aws_eip.nat_eip_1",
            "aws_internet_gateway.igw",
            "aws_key_pair.techcorp_key",
            "aws_nat_gateway.nat_gw_1",
            "aws_security_group.bastion_sg",
            "aws_security_group.web_sg",
            "aws_subnet.private_subnet_1",
            "aws_subnet.public_subnet_1",
            "aws_vpc.main_vpc",
            "data.aws_ami.amazon_linux_2",
            "data.aws_availability_zones.available",
            "tls_private_key.techcorp_key"
          ]
        }
      ]
    },
    {
      "mode": "managed",
      "type": "aws_instance",
      "name": "web_server_2",
      "provider": "provider[\"registry.terraform.io/hashicorp/aws\"]",
      "instances": [
        {
          "schema_version": 2,
          "attributes": {
            "ami": "ami-0601422bf6afa8ac3",
            "arn": "arn:aws:ec2:us-east-1:281934764171:instance/i-0c0aad9e3a0178179",
            "associate_public_ip_address": false,
            "availability_zone": "us-east-1b",
            "capacity_reservation_specification": [
              {
                "capacity_reservation_preference": "open",
                "capacity_reservation_target": []
              }
            ],
            "cpu_options": [
              {
                "amd_sev_snp": "",
                "core_count": 1,
                "threads_per_core": 2
              }
            ],
            "credit_specification": [
              {
                "cpu_credits": "unlimited"
              }
            ],
            "disable_api_stop": false,
            "disable_api_termination": false,
            "ebs_block_device": [],
            "ebs_optimized": false,
            "enable_primary_ipv6": null,
            "enclave_options": [
              {
                "enabled": false
              }
            ],
            "ephemeral_block_device": [],
            "force_destroy": false,
            "get_password_data": false,
            "hibernation": false,
            "host_id": "",
            "host_resource_group_arn": null,
            "iam_instance_profile": "",
            "id": "i-0c0aad9e3a0178179",
            "instance_initiated_shutdown_behavior": "stop",
            "instance_lifecycle": "",
            "instance_market_options": [],
            "instance_state": "running",
            "instance_type": "t3.micro",
            "ipv6_address_count": 0,
            "ipv6_addresses": [],
            "key_name": "techcorp-key",
            "launch_template": [],
            "maintenance_options": [
              {
                "auto_recovery": "default"
              }
            ],
            "metadata_options": [
              {
                "http_endpoint": "enabled",
                "http_protocol_ipv6": "disabled",
                "http_put_response_hop_limit": 1,
                "http_tokens": "optional",
                "instance_metadata_tags": "disabled"
              }
            ],
            "monitoring": false,
            "network_interface": [],
            "outpost_arn": "",
            "password_data": "",
            "placement_group": "",
            "placement_group_id": "",
            "placement_partition_number": 0,
            "primary_network_interface": [
              {
                "delete_on_termination": true,
                "network_interface_id": "eni-0147610eb3f24c882"
              }
            ],
            "primary_network_interface_id": "eni-0147610eb3f24c882",
            "private_dns": "ip-10-0-4-216.ec2.internal",
            "private_dns_name_options": [
              {
                "enable_resource_name_dns_a_record": false,
                "enable_resource_name_dns_aaaa_record": false,
                "hostname_type": "ip-name"
              }
            ],
            "private_ip": "10.0.4.216",
            "public_dns": "",
            "public_ip": "",
            "region": "us-east-1",
            "root_block_device": [
              {
                "delete_on_termination": true,
                "device_name": "/dev/xvda",
                "encrypted": false,
                "iops": 100,
                "kms_key_id": "",
                "tags": {},
                "tags_all": {},
                "throughput": 0,
                "volume_id": "vol-07eac1dbaca938d8d",
                "volume_size": 8,
                "volume_type": "gp2"
              }
            ],
            "secondary_private_ips": [],
            "security_groups": [],
            "source_dest_check": true,
            "spot_instance_request_id": "",
            "subnet_id": "subnet-0825d5a46d75993c3",
            "tags": {
              "Name": "techcorp-web-server-2"
            },
            "tags_all": {
              "Name": "techcorp-web-server-2"
            },
            "tenancy": "default",
            "timeouts": null,
            "user_data": "#!/bin/bash\nset -e\n\nyum update -y\n\nyum install -y httpd\n\nINSTANCE_ID=$(ec2-metadata --instance-id | cut -d \" \" -f 2)\nAVAILABILITY_ZONE=$(ec2-metadata --availability-zone | cut -d \" \" -f 2)\nPRIVATE_IP=$(ec2-metadata --local-ipv4 | cut -d \" \" -f 2)\n\ncat \u003e /var/www/html/index.html \u003c\u003c EOF\n\u003c!DOCTYPE html\u003e\n\u003chtml lang=\"en\"\u003e\n\u003chead\u003e\n    \u003cmeta charset=\"UTF-8\"\u003e\n    \u003cmeta name=\"viewport\" content=\"width=device-width, initial-scale=1.0\"\u003e\n    \u003ctitle\u003eTechCorp Web Server\u003c/title\u003e\n    \u003cstyle\u003e\n        body {\n            font-family: Arial, sans-serif;\n            background: linear-gradient(135deg, #667eea 0%, #764ba2 100%);\n            color: white;\n            display: flex;\n            justify-content: center;\n            align-items: center;\n            height: 100vh;\n            margin: 0;\n        }\n        .container {\n            text-align: center;\n            background: rgba(255, 255, 255, 0.1);\n            padding: 50px;\n            border-radius: 20px;\n            box-shadow: 0 8px 32px 0 rgba(31, 38, 135, 0.37);\n            backdrop-filter: blur(4px);\n            border: 1px solid rgba(255, 255, 255, 0.18);\n        }\n        h1 {\n            font-size: 3em;\n            margin-bottom: 20px;\n        }\n        .info {\n            font-size: 1.2em;\n            margin: 10px 0;\n        }\n        .badge {\n            display: inline-block;\n            background: rgba(255, 255, 255, 0.2);\n            padding: 10px 20px;\n            border-radius: 10px;\n            margin: 10px;\n        }\n    \u003c/style\u003e\n\u003c/head\u003e\n\u003cbody\u003e\n    \u003cdiv class=\"container\"\u003e\n        \u003ch1\u003e TechCorp Web Server\u003c/h1\u003e\n        \u003cdiv class=\"info\"\u003e\n            \u003cdiv class=\"badge\"\u003e\n                \u003cstrong\u003eInstance ID:\u003c/strong\u003e $INSTANCE_ID\n            \u003c/div\u003e\n        \u003c/div\u003e\n        \u003cdiv class=\"info\"\u003e\n            \u003cdiv class=\"badge\"\u003e\n                \u003cstrong\u003eAvailability Zone:\u003c/strong\u003e $AVAILABILITY_ZONE\n            \u003c/div\u003e\n        \u003c/div\u003e\n        \u003cdiv class=\"info\"\u003e\n            \u003cdiv class=\"badge\"\u003e\n                \u003cstrong\u003ePrivate IP:\u003c/strong\u003e $PRIVATE_IP\n            \u003c/div\u003e\n        \u003c/div\u003e\n        \u003cp style=\"margin-top: 30px;\"\u003e Apache HTTP Server is running successfully!\u003c/p\u003e\n    \u003c/div\u003e\n\u003c/body\u003e\n\u003c/html\u003e\nEOF\n\n\nsystemctl start httpd\nsystemctl enable httpd\n\n\n\necho \"Web server setup completed successfully!\"",
            "user_data_base64": null,
            "user_data_replace_on_change": false,
            "volume_tags": null,
            "vpc_security_group_ids": [
              "sg-03a261ba12dadef5c"
            ]
          },
          "sensitive_attributes": [],
          "identity_schema_version": 0,
          "identity": {
            "account_id": "281934764171",
            "id": "i-0c0aad9e3a0178179",
            "region": "us-east-1"
          },
          "private": "eyJlMmJmYjczMC1lY2FhLTExZTYtOGY4OC0zNDM2M2JjN2M0YzAiOnsiY3JlYXRlIjo2MDAwMDAwMDAwMDAsImRlbGV0ZSI6MTIwMDAwMDAwMDAwMCwicmVhZCI6OTAwMDAwMDAwMDAwLCJ1cGRhdGUiOjYwMDAwMDAwMDAwMH0sInNjaGVtYV92ZXJzaW9uIjoiMiJ9",
          "dependencies": [
            "aws_eip.nat_eip_2",
            "aws_internet_gateway.igw",
            "aws_key_pair.techcorp_key",
            "aws_nat_gateway.nat_gw_2",
            "aws_security_group.bastion_sg",
            "aws_security_group.web_sg",
            "aws_subnet.private_subnet_2",
            "aws_subnet.public_subnet_2",
            "aws_vpc.main_vpc",
            "data.aws_ami.amazon_linux_2",
            "data.aws_availability_zones.available",
            "tls_private_key.techcorp_key"
          ]
        }
      ]
    },
    {
      "mode": "managed",
      "type": "aws_internet_gateway",
      "name": "igw",
      "provider": "provider[\"registry.terraform.io/hashicorp/aws\"]",
      "instances": [
        {
          "schema_version": 0,
          "attributes": {
            "arn": "arn:aws:ec2:us-east-1:281934764171:internet-gateway/igw-097dba814f2914772",
            "id": "igw-097dba814f2914772",
            "owner_id": "281934764171",
            "region": "us-east-1",
            "tags": {
              "Name": "techcorp-igw"
            },
            "tags_all": {
              "Name": "techcorp-igw"
            },
            "timeouts": null,
            "vpc_id": "vpc-08e57a52d99e05157"
          },
          "sensitive_attributes": [],
          "identity_schema_version": 0,
          "private": "eyJlMmJmYjczMC1lY2FhLTExZTYtOGY4OC0zNDM2M2JjN2M0YzAiOnsiY3JlYXRlIjoxMjAwMDAwMDAwMDAwLCJkZWxldGUiOjEyMDAwMDAwMDAwMDAsInVwZGF0ZSI6MTIwMDAwMDAwMDAwMH19",
          "dependencies": [
            "aws_vpc.main_vpc"
          ]
        }
      ]
    },
    {
      "mode": "managed",
      "type": "aws_key_pair",
      "name": "techcorp_key",
      "provider": "provider[\"registry.terraform.io/hashicorp/aws\"]",
      "instances": [
        {
          "schema_version": 1,
          "attributes": {
            "arn": "arn:aws:ec2:us-east-1:281934764171:key-pair/techcorp-key",
            "fingerprint": "14:fa:7d:9b:15:50:cb:16:96:bc:56:3e:a0:9f:98:56",
            "id": "techcorp-key",
            "key_name": "techcorp-key",
            "key_name_prefix": "",
            "key_pair_id": "key-044ed00a093febbe8",
            "key_type": "rsa",
            "public_key": "ssh-rsa AAAAB3NzaC1yc2EAAAADAQABAAACAQDRSvsyzQos99E5pgDYfIcJu8uHDPTDSB0RqP9HjdzybsvYB7gjdjQrMp8arVCEDLBpTMSAL70k8jJDBXDrco5Rvbucki6HY013lFuAitFPWWNzEAf4qiV3Qw4sPbbScD9Zd4vl4+iHy6H7IQTlSJKmzG45sKoyf3rvMkyrEfRtSafiIuEeabUJIy6Izk524yFISMBjRjR+SFFJpedpLAGkTJbggLhDcfH3lw+VwRfAQNQyRxtmQAq0+Nm+o0guMFTp1LLj0G0r4saqOtXUz8VDUBinXWOov9XCFqRPn73nUAyxlUd5qyTiw5+QSeEGUZhirO6W7IYa0Mr9TGYo4+17F9TPnq64vK2oRD1F5S154qxio83FxOK+9iEML6+JRM3kVliHW8eWUj5xJ3sKOIokFGXIg8kasG6k2j13bdwWb2XzdWMZhiU+FA8FCYBQ4/wfNGkWhXaDh/2+D6PnsS31Q3Sz6FxGESkXp+V99LmFmuRXY3kVDS0coW2hS46OfHSG2LPnd8OUHY9H+se2NfGdtBDNyFJLQuy7ErWfHQfd9sBTy7TdC+Qx3Escimy4IvkgXMuyBsAo9Ocw0uHVVb71QpfNb95TFxQHLyTgicAlFpMTPSiai2P16ly/eNYaz4pGeCeBk4qdajQNqoCFknZCNph9fs37ci/sBFD6dowBLQ==",
            "region": "us-east-1",
            "tags": {},
            "tags_all": {}
          },
          "sensitive_attributes": [],
          "identity_schema_version": 0,
          "private": "eyJzY2hlbWFfdmVyc2lvbiI6IjEifQ==",
          "dependencies": [
            "tls_private_key.techcorp_key"
          ]
        }
      ]
    },
    {
      "mode": "managed",
      "type": "aws_lb",
      "name": "web_alb",
      "provider": "provider[\"registry.terraform.io/hashicorp/aws\"]",
      "instances": [
        {
          "schema_version": 0,
          "attributes": {
            "access_logs": [
              {
                "bucket": "",
                "enabled": false,
                "prefix": ""
              }
            ],
            "arn": "arn:aws:elasticloadbalancing:us-east-1:281934764171:loadbalancer/app/techcorp-web-alb/56de32a6f6c739e6",
            "arn_suffix": "app/techcorp-web-alb/56de32a6f6c739e6",
            "client_keep_alive": 3600,
            "connection_logs": [
              {
                "bucket": "",
                "enabled": false,
                "prefix": ""
              }
            ],
            "customer_owned_ipv4_pool": "",
            "desync_mitigation_mode": "defensive",
            "dns_name": "techcorp-web-alb-925960293.us-east-1.elb.amazonaws.com",
            "dns_record_client_routing_policy": null,
            "drop_invalid_header_fields": false,
            "enable_cross_zone_load_balancing": true,
            "enable_deletion_protection": false,
            "enable_http2": true,
            "enable_tls_version_and_cipher_suite_headers": false,
            "enable_waf_fail_open": false,
            "enable_xff_client_port": false,
            "enable_zonal_shift": false,
            "enforce_security_group_inbound_rules_on_private_link_traffic": "",
            "id": "arn:aws:elasticloadbalancing:us-east-1:281934764171:loadbalancer/app/techcorp-web-alb/56de32a6f6c739e6",
            "idle_timeout": 60,
            "internal": false,
            "ip_address_type": "ipv4",
            "ipam_pools": [],
            "load_balancer_type": "application",
            "minimum_load_balancer_capacity": [],
            "name": "techcorp-web-alb",
            "name_prefix": "",
            "preserve_host_header": false,
            "region": "us-east-1",
            "secondary_ips_auto_assigned_per_subnet": null,
            "security_groups": [
              "sg-03a261ba12dadef5c"
            ],
            "subnet_mapping": [
              {
                "allocation_id": "",
                "ipv6_address": "",
                "outpost_id": "",
                "private_ipv4_address": "",
                "subnet_id": "subnet-0a09a0f750dce96eb"
              },
              {
                "allocation_id": "",
                "ipv6_address": "",
                "outpost_id": "",
                "private_ipv4_address": "",
                "subnet_id": "subnet-0ec724be5dd1c8dcc"
              }
            ],
            "subnets": [
              "subnet-0a09a0f750dce96eb",
              "subnet-0ec724be5dd1c8dcc"
            ],
            "tags": {
              "Name": "techcorp-web-alb"
            },
            "tags_all": {
              "Name": "techcorp-web-alb"
            },
            "timeouts": null,
            "vpc_id": "vpc-08e57a52d99e05157",
            "xff_header_processing_mode": "append",
            "zone_id": "Z35SXDOTRQ7X7K"
          },
          "sensitive_attributes": [],
          "identity_schema_version": 0,
          "identity": {
            "arn": "arn:aws:elasticloadbalancing:us-east-1:281934764171:loadbalancer/app/techcorp-web-alb/56de32a6f6c739e6"
          },
          "private": "eyJlMmJmYjczMC1lY2FhLTExZTYtOGY4OC0zNDM2M2JjN2M0YzAiOnsiY3JlYXRlIjo2MDAwMDAwMDAwMDAsImRlbGV0ZSI6NjAwMDAwMDAwMDAwLCJ1cGRhdGUiOjYwMDAwMDAwMDAwMH19",
          "dependencies": [
            "aws_security_group.bastion_sg",
            "aws_security_group.web_sg",
            "aws_subnet.public_subnet_1",
            "aws_subnet.public_subnet_2",
            "aws_vpc.main_vpc",
            "data.aws_availability_zones.available"
          ]
        }
      ]
    },
    {
      "mode": "managed",
      "type": "aws_lb_listener",
      "name": "web_listener",
      "provider": "provider[\"registry.terraform.io/hashicorp/aws\"]",
      "instances": [
        {
          "schema_version": 0,
          "attributes": {
            "alpn_policy": null,
            "arn": "arn:aws:elasticloadbalancing:us-east-1:281934764171:listener/app/techcorp-web-alb/56de32a6f6c739e6/7f70d0ce22d17541",
            "certificate_arn": null,
            "default_action": [
              {
                "authenticate_cognito": [],
                "authenticate_oidc": [],
                "fixed_response": [],
                "forward": [],
                "order": 1,
                "redirect": [],
                "target_group_arn": "arn:aws:elasticloadbalancing:us-east-1:281934764171:targetgroup/techcorp-web-tg/d0e6a8474ca15e24",
                "type": "forward"
              }
            ],
            "id": "arn:aws:elasticloadbalancing:us-east-1:281934764171:listener/app/techcorp-web-alb/56de32a6f6c739e6/7f70d0ce22d17541",
            "load_balancer_arn": "arn:aws:elasticloadbalancing:us-east-1:281934764171:loadbalancer/app/techcorp-web-alb/56de32a6f6c739e6",
            "mutual_authentication": [],
            "port": 80,
            "protocol": "HTTP",
            "region": "us-east-1",
            "routing_http_request_x_amzn_mtls_clientcert_header_name": null,
            "routing_http_request_x_amzn_mtls_clientcert_issuer_header_name": null,
            "routing_http_request_x_amzn_mtls_clientcert_leaf_header_name": null,
            "routing_http_request_x_amzn_mtls_clientcert_serial_number_header_name": null,
            "routing_http_request_x_amzn_mtls_clientcert_subject_header_name": null,
            "routing_http_request_x_amzn_mtls_clientcert_validity_header_name": null,
            "routing_http_request_x_amzn_tls_cipher_suite_header_name": null,
            "routing_http_request_x_amzn_tls_version_header_name": null,
            "routing_http_response_access_control_allow_credentials_header_value": "",
            "routing_http_response_access_control_allow_headers_header_value": "",
            "routing_http_response_access_control_allow_methods_header_value": "",
            "routing_http_response_access_control_allow_origin_header_value": "",
            "routing_http_response_access_control_expose_headers_header_value": "",
            "routing_http_response_access_control_max_age_header_value": "",
            "routing_http_response_content_security_policy_header_value": "",
            "routing_http_response_server_enabled": true,
            "routing_http_response_strict_transport_security_header_value": "",
            "routing_http_response_x_content_type_options_header_value": "",
            "routing_http_response_x_frame_options_header_value": "",
            "ssl_policy": "",
            "tags": {},
            "tags_all": {},
            "tcp_idle_timeout_seconds": null,
            "timeouts": null
          },
          "sensitive_attributes": [],
          "identity_schema_version": 0,
          "identity": {
            "arn": "arn:aws:elasticloadbalancing:us-east-1:281934764171:listener/app/techcorp-web-alb/56de32a6f6c739e6/7f70d0ce22d17541"
          },
          "private": "eyJlMmJmYjczMC1lY2FhLTExZTYtOGY4OC0zNDM2M2JjN2M0YzAiOnsiY3JlYXRlIjozMDAwMDAwMDAwMDAsInVwZGF0ZSI6MzAwMDAwMDAwMDAwfX0=",
          "dependencies": [
            "aws_lb.web_alb",
            "aws_lb_target_group.web_tg",
            "aws_security_group.bastion_sg",
            "aws_security_group.web_sg",
            "aws_subnet.public_subnet_1",
            "aws_subnet.public_subnet_2",
            "aws_vpc.main_vpc",
            "data.aws_availability_zones.available"
          ]
        }
      ]
    },
    {
      "mode": "managed",
      "type": "aws_lb_target_group",
      "name": "web_tg",
      "provider": "provider[\"registry.terraform.io/hashicorp/aws\"]",
      "instances": [
        {
          "schema_version": 0,
          "attributes": {
            "arn": "arn:aws:elasticloadbalancing:us-east-1:281934764171:targetgroup/techcorp-web-tg/d0e6a8474ca15e24",
            "arn_suffix": "targetgroup/techcorp-web-tg/d0e6a8474ca15e24",
            "connection_termination": null,
            "deregistration_delay": "300",
            "health_check": [
              {
                "enabled": true,
                "healthy_threshold": 2,
                "interval": 30,
                "matcher": "200",
                "path": "/",
                "port": "traffic-port",
                "protocol": "HTTP",
                "timeout": 5,
                "unhealthy_threshold": 2
              }
            ],
            "id": "arn:aws:elasticloadbalancing:us-east-1:281934764171:targetgroup/techcorp-web-tg/d0e6a8474ca15e24",
            "ip_address_type": "ipv4",
            "lambda_multi_value_headers_enabled": false,
            "load_balancer_arns": [
              "arn:aws:elasticloadbalancing:us-east-1:281934764171:loadbalancer/app/techcorp-web-alb/56de32a6f6c739e6"
            ],
            "load_balancing_algorithm_type": "round_robin",
            "load_balancing_anomaly_mitigation": "off",
            "load_balancing_cross_zone_enabled": "use_load_balancer_configuration",
            "name": "techcorp-web-tg",
            "name_prefix": "",
            "port": 80,
            "preserve_client_ip": null,
            "protocol": "HTTP",
            "protocol_version": "HTTP1",
            "proxy_protocol_v2": false,
            "region": "us-east-1",
            "slow_start": 0,
            "stickiness": [
              {
                "cookie_duration": 86400,
                "cookie_name": "",
                "enabled": false,
                "type": "lb_cookie"
              }
            ],
            "tags": {
              "Name": "techcorp-web-tg"
            },
            "tags_all": {
              "Name": "techcorp-web-tg"
            },
            "target_failover": [
              {
                "on_deregistration": null,
                "on_unhealthy": null
              }
            ],
            "target_group_health": [
              {
                "dns_failover": [
                  {
                    "minimum_healthy_targets_count": "1",
                    "minimum_healthy_targets_percentage": "off"
                  }
                ],
                "unhealthy_state_routing": [
                  {
                    "minimum_healthy_targets_count": 1,
                    "minimum_healthy_targets_percentage": "off"
                  }
                ]
              }
            ],
            "target_health_state": [
              {
                "enable_unhealthy_connection_termination": null,
                "unhealthy_draining_interval": null
              }
            ],
            "target_type": "instance",
            "vpc_id": "vpc-08e57a52d99e05157"
          },
          "sensitive_attributes": [],
          "identity_schema_version": 0,
          "identity": {
            "arn": "arn:aws:elasticloadbalancing:us-east-1:281934764171:targetgroup/techcorp-web-tg/d0e6a8474ca15e24"
          },
          "private": "bnVsbA==",
          "dependencies": [
            "aws_vpc.main_vpc"
          ]
        }
      ]
    },
    {
      "mode": "managed",
      "type": "aws_lb_target_group_attachment",
      "name": "web_tg_attachment_1",
      "provider": "provider[\"registry.terraform.io/hashicorp/aws\"]",
      "instances": [
        {
          "schema_version": 0,
          "attributes": {
            "availability_zone": null,
            "id": "arn:aws:elasticloadbalancing:us-east-1:281934764171:targetgroup/techcorp-web-tg/d0e6a8474ca15e24-2025110409512237560000000a",
            "port": 80,
            "region": "us-east-1",
            "target_group_arn": "arn:aws:elasticloadbalancing:us-east-1:281934764171:targetgroup/techcorp-web-tg/d0e6a8474ca15e24",
            "target_id": "i-0c75e511ef876d6b6"
          },
          "sensitive_attributes": [],
          "identity_schema_version": 0,
          "private": "bnVsbA==",
          "dependencies": [
            "aws_eip.nat_eip_1",
            "aws_instance.web_server_1",
            "aws_internet_gateway.igw",
            "aws_key_pair.techcorp_key",
            "aws_lb_target_group.web_tg",
            "aws_nat_gateway.nat_gw_1",
            "aws_security_group.bastion_sg",
            "aws_security_group.web_sg",
            "aws_subnet.private_subnet_1",
            "aws_subnet.public_subnet_1",
            "aws_vpc.main_vpc",
            "data.aws_ami.amazon_linux_2",
            "data.aws_availability_zones.available",
            "tls_private_key.techcorp_key"
          ]
        }
      ]
    },
    {
      "mode": "managed",
      "type": "aws_lb_target_group_attachment",
      "name": "web_tg_attachment_2",
      "provider": "provider[\"registry.terraform.io/hashicorp/aws\"]",
      "instances": [
        {
          "schema_version": 0,
          "attributes": {
            "availability_zone": null,
            "id": "arn:aws:elasticloadbalancing:us-east-1:281934764171:targetgroup/techcorp-web-tg/d0e6a8474ca15e24-2025110409513460950000000b",
            "port": 80,
            "region": "us-east-1",
            "target_group_arn": "arn:aws:elasticloadbalancing:us-east-1:281934764171:targetgroup/techcorp-web-tg/d0e6a8474ca15e24",
            "target_id": "i-0c0aad9e3a0178179"
          },
          "sensitive_attributes": [],
          "identity_schema_version": 0,
          "private": "bnVsbA==",
          "dependencies": [
            "aws_eip.nat_eip_2",
            "aws_instance.web_server_2",
            "aws_internet_gateway.igw",
            "aws_key_pair.techcorp_key",
            "aws_lb_target_group.web_tg",
            "aws_nat_gateway.nat_gw_2",
            "aws_security_group.bastion_sg",
            "aws_security_group.web_sg",
            "aws_subnet.private_subnet_2",
            "aws_subnet.public_subnet_2",
            "aws_vpc.main_vpc",
            "data.aws_ami.amazon_linux_2",
            "data.aws_availability_zones.available",
            "tls_private_key.techcorp_key"
          ]
        }
      ]
    },
    {
      "mode": "managed",
      "type": "aws_nat_gateway",
      "name": "nat_gw_1",
      "provider": "provider[\"registry.terraform.io/hashicorp/aws\"]",
      "instances": [
        {
          "schema_version": 0,
          "attributes": {
            "allocation_id": "eipalloc-08d7173d8645ed253",
            "association_id": "eipassoc-048f3a82431f566d2",
            "connectivity_type": "public",
            "id": "nat-00869e96e84a56f8b",
            "network_interface_id": "eni-0c3d1037219ac2542",
            "private_ip": "10.0.1.166",
            "public_ip": "52.3.240.147",
            "region": "us-east-1",
            "secondary_allocation_ids": [],
            "secondary_private_ip_address_count": 0,
            "secondary_private_ip_addresses": [],
            "subnet_id": "subnet-0a09a0f750dce96eb",
            "tags": {
              "Name": "techcorp-nat-gw-1"
            },
            "tags_all": {
              "Name": "techcorp-nat-gw-1"
            },
            "timeouts": null
          },
          "sensitive_attributes": [],
          "identity_schema_version": 0,
          "private": "eyJlMmJmYjczMC1lY2FhLTExZTYtOGY4OC0zNDM2M2JjN2M0YzAiOnsiY3JlYXRlIjo2MDAwMDAwMDAwMDAsImRlbGV0ZSI6MTgwMDAwMDAwMDAwMCwidXBkYXRlIjo2MDAwMDAwMDAwMDB9fQ==",
          "dependencies": [
            "aws_eip.nat_eip_1",
            "aws_internet_gateway.igw",
            "aws_subnet.public_subnet_1",
            "aws_vpc.main_vpc",
            "data.aws_availability_zones.available"
          ]
        }
      ]
    },
    {
      "mode": "managed",
      "type": "aws_nat_gateway",
      "name": "nat_gw_2",
      "provider": "provider[\"registry.terraform.io/hashicorp/aws\"]",
      "instances": [
        {
          "schema_version": 0,
          "attributes": {
            "allocation_id": "eipalloc-0d481a097ed94b6c7",
            "association_id": "eipassoc-073bf3188b49e77b8",
            "connectivity_type": "public",
            "id": "nat-0a793744ed55c8ab1",
            "network_interface_id": "eni-0264ce453e4c31b5b",
            "private_ip": "10.0.2.121",
            "public_ip": "34.226.164.146",
            "region": "us-east-1",
            "secondary_allocation_ids": [],
            "secondary_private_ip_address_count": 0,
            "secondary_private_ip_addresses": [],
            "subnet_id": "subnet-0ec724be5dd1c8dcc",
            "tags": {
              "Name": "techcorp-nat-gw-2"
            },
            "tags_all": {
              "Name": "techcorp-nat-gw-2"
            },
            "timeouts": null
          },
          "sensitive_attributes": [],
          "identity_schema_version": 0,
          "private": "eyJlMmJmYjczMC1lY2FhLTExZTYtOGY4OC0zNDM2M2JjN2M0YzAiOnsiY3JlYXRlIjo2MDAwMDAwMDAwMDAsImRlbGV0ZSI6MTgwMDAwMDAwMDAwMCwidXBkYXRlIjo2MDAwMDAwMDAwMDB9fQ==",
          "dependencies": [
            "aws_eip.nat_eip_2",
            "aws_internet_gateway.igw",
            "aws_subnet.public_subnet_2",
            "aws_vpc.main_vpc",
            "data.aws_availability_zones.available"
          ]
        }
      ]
    },
    {
      "mode": "managed",
      "type": "aws_route_table",
      "name": "private_rt_1",
      "provider": "provider[\"registry.terraform.io/hashicorp/aws\"]",
      "instances": [
        {
          "schema_version": 0,
          "attributes": {
            "arn": "arn:aws:ec2:us-east-1:281934764171:route-table/rtb-0b5adb0dda75ef00c",
            "id": "rtb-0b5adb0dda75ef00c",
            "owner_id": "281934764171",
            "propagating_vgws": [],
            "region": "us-east-1",
            "route": [
              {
                "carrier_gateway_id": "",
                "cidr_block": "0.0.0.0/0",
                "core_network_arn": "",
                "destination_prefix_list_id": "",
                "egress_only_gateway_id": "",
                "gateway_id": "",
                "ipv6_cidr_block": "",
                "local_gateway_id": "",
                "nat_gateway_id": "nat-00869e96e84a56f8b",
                "network_interface_id": "",
                "transit_gateway_id": "",
                "vpc_endpoint_id": "",
                "vpc_peering_connection_id": ""
              }
            ],
            "tags": {
              "Name": "techcorp-private-rt-1"
            },
            "tags_all": {
              "Name": "techcorp-private-rt-1"
            },
            "timeouts": null,
            "vpc_id": "vpc-08e57a52d99e05157"
          },
          "sensitive_attributes": [],
          "identity_schema_version": 0,
          "identity": {
            "account_id": "281934764171",
            "id": "rtb-0b5adb0dda75ef00c",
            "region": "us-east-1"
          },
          "private": "eyJlMmJmYjczMC1lY2FhLTExZTYtOGY4OC0zNDM2M2JjN2M0YzAiOnsiY3JlYXRlIjozMDAwMDAwMDAwMDAsImRlbGV0ZSI6MzAwMDAwMDAwMDAwLCJ1cGRhdGUiOjEyMDAwMDAwMDAwMH19",
          "dependencies": [
            "aws_eip.nat_eip_1",
            "aws_internet_gateway.igw",
            "aws_nat_gateway.nat_gw_1",
            "aws_subnet.public_subnet_1",
            "aws_vpc.main_vpc",
            "data.aws_availability_zones.available"
          ]
        }
      ]
    },
    {
      "mode": "managed",
      "type": "aws_route_table",
      "name": "private_rt_2",
      "provider": "provider[\"registry.terraform.io/hashicorp/aws\"]",
      "instances": [
        {
          "schema_version": 0,
          "attributes": {
            "arn": "arn:aws:ec2:us-east-1:281934764171:route-table/rtb-0bb4a580f09cf7cd3",
            "id": "rtb-0bb4a580f09cf7cd3",
            "owner_id": "281934764171",
            "propagating_vgws": [],
            "region": "us-east-1",
            "route": [
              {
                "carrier_gateway_id": "",
                "cidr_block": "0.0.0.0/0",
                "core_network_arn": "",
                "destination_prefix_list_id": "",
                "egress_only_gateway_id": "",
                "gateway_id": "",
                "ipv6_cidr_block": "",
                "local_gateway_id": "",
                "nat_gateway_id": "nat-0a793744ed55c8ab1",
                "network_interface_id": "",
                "transit_gateway_id": "",
                "vpc_endpoint_id": "",
                "vpc_peering_connection_id": ""
              }
            ],
            "tags": {
              "Name": "techcorp-private-rt-2"
            },
            "tags_all": {
              "Name": "techcorp-private-rt-2"
            },
            "timeouts": null,
            "vpc_id": "vpc-08e57a52d99e05157"
          },
          "sensitive_attributes": [],
          "identity_schema_version": 0,
          "identity": {
            "account_id": "281934764171",
            "id": "rtb-0bb4a580f09cf7cd3",
            "region": "us-east-1"
          },
          "private": "eyJlMmJmYjczMC1lY2FhLTExZTYtOGY4OC0zNDM2M2JjN2M0YzAiOnsiY3JlYXRlIjozMDAwMDAwMDAwMDAsImRlbGV0ZSI6MzAwMDAwMDAwMDAwLCJ1cGRhdGUiOjEyMDAwMDAwMDAwMH19",
          "dependencies": [
            "aws_eip.nat_eip_2",
            "aws_internet_gateway.igw",
            "aws_nat_gateway.nat_gw_2",
            "aws_subnet.public_subnet_2",
            "aws_vpc.main_vpc",
            "data.aws_availability_zones.available"
          ]
        }
      ]
    },
    {
      "mode": "managed",
      "type": "aws_route_table",
      "name": "public_rt",
      "provider": "provider[\"registry.terraform.io/hashicorp/aws\"]",
      "instances": [
        {
          "schema_version": 0,
          "attributes": {
            "arn": "arn:aws:ec2:us-east-1:281934764171:route-table/rtb-045e0c790259fa8c0",
            "id": "rtb-045e0c790259fa8c0",
            "owner_id": "281934764171",
            "propagating_vgws": [],
            "region": "us-east-1",
            "route": [
              {
                "carrier_gateway_id": "",
                "cidr_block": "0.0.0.0/0",
                "core_network_arn": "",
                "destination_prefix_list_id": "",
                "egress_only_gateway_id": "",
                "gateway_id": "igw-097dba814f2914772",
                "ipv6_cidr_block": "",
                "local_gateway_id": "",
                "nat_gateway_id": "",
                "network_interface_id": "",
                "transit_gateway_id": "",
                "vpc_endpoint_id": "",
                "vpc_peering_connection_id": ""
              }
            ],
            "tags": {
              "Name": "techcorp-public-rt"
            },
            "tags_all": {
              "Name": "techcorp-public-rt"
            },
            "timeouts": null,
            "vpc_id": "vpc-08e57a52d99e05157"
          },
          "sensitive_attributes": [],
          "identity_schema_version": 0,
          "identity": {
            "account_id": "281934764171",
            "id": "rtb-045e0c790259fa8c0",
            "region": "us-east-1"
          },
          "private": "eyJlMmJmYjczMC1lY2FhLTExZTYtOGY4OC0zNDM2M2JjN2M0YzAiOnsiY3JlYXRlIjozMDAwMDAwMDAwMDAsImRlbGV0ZSI6MzAwMDAwMDAwMDAwLCJ1cGRhdGUiOjEyMDAwMDAwMDAwMH19",
          "dependencies": [
            "aws_internet_gateway.igw",
            "aws_vpc.main_vpc"
          ]
        }
      ]
    },
    {
      "mode": "managed",
      "type": "aws_route_table_association",
      "name": "private_assoc_1",
      "provider": "provider[\"registry.terraform.io/hashicorp/aws\"]",
      "instances": [
        {
          "schema_version": 0,
          "attributes": {
            "gateway_id": "",
            "id": "rtbassoc-0677925d70c13651b",
            "region": "us-east-1",
            "route_table_id": "rtb-0b5adb0dda75ef00c",
            "subnet_id": "subnet-060b7b8d2ae1ffb97",
            "timeouts": null
          },
          "sensitive_attributes": [],
          "identity_schema_version": 0,
          "private": "eyJlMmJmYjczMC1lY2FhLTExZTYtOGY4OC0zNDM2M2JjN2M0YzAiOnsiY3JlYXRlIjozMDAwMDAwMDAwMDAsImRlbGV0ZSI6MzAwMDAwMDAwMDAwLCJ1cGRhdGUiOjEyMDAwMDAwMDAwMH19",
          "dependencies": [
            "aws_eip.nat_eip_1",
            "aws_internet_gateway.igw",
            "aws_nat_gateway.nat_gw_1",
            "aws_route_table.private_rt_1",
            "aws_subnet.private_subnet_1",
            "aws_subnet.public_subnet_1",
            "aws_vpc.main_vpc",
            "data.aws_availability_zones.available"
          ]
        }
      ]
    },
    {
      "mode": "managed",
      "type": "aws_route_table_association",
      "name": "private_assoc_2",
      "provider": "provider[\"registry.terraform.io/hashicorp/aws\"]",
      "instances": [
        {
          "schema_version": 0,
          "attributes": {
            "gateway_id": "",
            "id": "rtbassoc-0d3f31aeb6ae8b1ef",
            "region": "us-east-1",
            "route_table_id": "rtb-0bb4a580f09cf7cd3",
            "subnet_id": "subnet-0825d5a46d75993c3",
            "timeouts": null
          },
          "sensitive_attributes": [],
          "identity_schema_version": 0,
          "private": "eyJlMmJmYjczMC1lY2FhLTExZTYtOGY4OC0zNDM2M2JjN2M0YzAiOnsiY3JlYXRlIjozMDAwMDAwMDAwMDAsImRlbGV0ZSI6MzAwMDAwMDAwMDAwLCJ1cGRhdGUiOjEyMDAwMDAwMDAwMH19",
          "dependencies": [
            "aws_eip.nat_eip_2",
            "aws_internet_gateway.igw",
            "aws_nat_gateway.nat_gw_2",
            "aws_route_table.private_rt_2",
            "aws_subnet.private_subnet_2",
            "aws_subnet.public_subnet_2",
            "aws_vpc.main_vpc",
            "data.aws_availability_zones.available"
          ]
        }
      ]
    },
    {
      "mode": "managed",
      "type": "aws_route_table_association",
      "name": "public_assoc_1",
      "provider": "provider[\"registry.terraform.io/hashicorp/aws\"]",
      "instances": [
        {
          "schema_version": 0,
          "attributes": {
            "gateway_id": "",
            "id": "rtbassoc-0716ecaf1a27a1288",
            "region": "us-east-1",
            "route_table_id": "rtb-045e0c790259fa8c0",
            "subnet_id": "subnet-0a09a0f750dce96eb",
            "timeouts": null
          },
          "sensitive_attributes": [],
          "identity_schema_version": 0,
          "private": "eyJlMmJmYjczMC1lY2FhLTExZTYtOGY4OC0zNDM2M2JjN2M0YzAiOnsiY3JlYXRlIjozMDAwMDAwMDAwMDAsImRlbGV0ZSI6MzAwMDAwMDAwMDAwLCJ1cGRhdGUiOjEyMDAwMDAwMDAwMH19",
          "dependencies": [
            "aws_internet_gateway.igw",
            "aws_route_table.public_rt",
            "aws_subnet.public_subnet_1",
            "aws_vpc.main_vpc",
            "data.aws_availability_zones.available"
          ]
        }
      ]
    },
    {
      "mode": "managed",
      "type": "aws_route_table_association",
      "name": "public_assoc_2",
      "provider": "provider[\"registry.terraform.io/hashicorp/aws\"]",
      "instances": [
        {
          "schema_version": 0,
          "attributes": {
            "gateway_id": "",
            "id": "rtbassoc-0babfe84fa21d03ef",
            "region": "us-east-1",
            "route_table_id": "rtb-045e0c790259fa8c0",
            "subnet_id": "subnet-0ec724be5dd1c8dcc",
            "timeouts": null
          },
          "sensitive_attributes": [],
          "identity_schema_version": 0,
          "private": "eyJlMmJmYjczMC1lY2FhLTExZTYtOGY4OC0zNDM2M2JjN2M0YzAiOnsiY3JlYXRlIjozMDAwMDAwMDAwMDAsImRlbGV0ZSI6MzAwMDAwMDAwMDAwLCJ1cGRhdGUiOjEyMDAwMDAwMDAwMH19",
          "dependencies": [
            "aws_internet_gateway.igw",
            "aws_route_table.public_rt",
            "aws_subnet.public_subnet_2",
            "aws_vpc.main_vpc",
            "data.aws_availability_zones.available"
          ]
        }
      ]
    },
    {
      "mode": "managed",
      "type": "aws_security_group",
      "name": "bastion_sg",
      "provider": "provider[\"registry.terraform.io/hashicorp/aws\"]",
      "instances": [
        {
          "schema_version": 1,
          "attributes": {
            "arn": "arn:aws:ec2:us-east-1:281934764171:security-group/sg-00e004ffdc8155e5f",
            "description": "Security group for bastion host",
            "egress": [
              {
                "cidr_blocks": [
                  "0.0.0.0/0"
                ],
                "description": "Allow all outbound traffic",
                "from_port": 0,
                "ipv6_cidr_blocks": [],
                "prefix_list_ids": [],
                "protocol": "-1",
                "security_groups": [],
                "self": false,
                "to_port": 0
              }
            ],
            "id": "sg-00e004ffdc8155e5f",
            "ingress": [
              {
                "cidr_blocks": [
                  "135.129.124.162/32"
                ],
                "description": "SSH from my IP",
                "from_port": 22,
                "ipv6_cidr_blocks": [],
                "prefix_list_ids": [],
                "protocol": "tcp",
                "security_groups": [],
                "self": false,
                "to_port": 22
              }
            ],
            "name": "bastion-sg",
            "name_prefix": "",
            "owner_id": "281934764171",
            "region": "us-east-1",
            "revoke_rules_on_delete": false,
            "tags": {
              "Name": "techcorp-bastion-sg"
            },
            "tags_all": {
              "Name": "techcorp-bastion-sg"
            },
            "timeouts": null,
            "vpc_id": "vpc-08e57a52d99e05157"
          },
          "sensitive_attributes": [],
          "identity_schema_version": 0,
          "identity": {
            "account_id": "281934764171",
            "id": "sg-00e004ffdc8155e5f",
            "region": "us-east-1"
          },
          "private": "eyJlMmJmYjczMC1lY2FhLTExZTYtOGY4OC0zNDM2M2JjN2M0YzAiOnsiY3JlYXRlIjo2MDAwMDAwMDAwMDAsImRlbGV0ZSI6OTAwMDAwMDAwMDAwfSwic2NoZW1hX3ZlcnNpb24iOiIxIn0=",
          "dependencies": [
            "aws_vpc.main_vpc"
          ]
        }
      ]
    },
    {
      "mode": "managed",
      "type": "aws_security_group",
      "name": "db_sg",
      "provider": "provider[\"registry.terraform.io/hashicorp/aws\"]",
      "instances": [
        {
          "schema_version": 1,
          "attributes": {
            "arn": "arn:aws:ec2:us-east-1:281934764171:security-group/sg-07239937c73bcc316",
            "description": "Security group for database server",
            "egress": [
              {
                "cidr_blocks": [
                  "0.0.0.0/0"
                ],
                "description": "Allow all outbound traffic",
                "from_port": 0,
                "ipv6_cidr_blocks": [],
                "prefix_list_ids": [],
                "protocol": "-1",
                "security_groups": [],
                "self": false,
                "to_port": 0
              }
            ],
            "id": "sg-07239937c73bcc316",
            "ingress": [
              {
                "cidr_blocks": [],
                "description": "PostgreSQL from web servers",
                "from_port": 5432,
                "ipv6_cidr_blocks": [],
                "prefix_list_ids": [],
                "protocol": "tcp",
                "security_groups": [
                  "sg-03a261ba12dadef5c"
                ],
                "self": false,
                "to_port": 5432
              },
              {
                "cidr_blocks": [],
                "description": "SSH from bastion",
                "from_port": 22,
                "ipv6_cidr_blocks": [],
                "prefix_list_ids": [],
                "protocol": "tcp",
                "security_groups": [
                  "sg-00e004ffdc8155e5f"
                ],
                "self": false,
                "to_port": 22
              }
            ],
            "name": "db-sg",
            "name_prefix": "",
            "owner_id": "281934764171",
            "region": "us-east-1",
            "revoke_rules_on_delete": false,
            "tags": {
              "Name": "techcorp-db-sg"
            },
            "tags_all": {
              "Name": "techcorp-db-sg"
            },
            "timeouts": null,
            "vpc_id": "vpc-08e57a52d99e05157"
          },
          "sensitive_attributes": [],
          "identity_schema_version": 0,
          "identity": {
            "account_id": "281934764171",
            "id": "sg-07239937c73bcc316",
            "region": "us-east-1"
          },
          "private": "eyJlMmJmYjczMC1lY2FhLTExZTYtOGY4OC0zNDM2M2JjN2M0YzAiOnsiY3JlYXRlIjo2MDAwMDAwMDAwMDAsImRlbGV0ZSI6OTAwMDAwMDAwMDAwfSwic2NoZW1hX3ZlcnNpb24iOiIxIn0=",
          "dependencies": [
            "aws_security_group.bastion_sg",
            "aws_security_group.web_sg",
            "aws_vpc.main_vpc"
          ]
        }
      ]
    },
    {
      "mode": "managed",
      "type": "aws_security_group",
      "name": "web_sg",
      "provider": "provider[\"registry.terraform.io/hashicorp/aws\"]",
      "instances": [
        {
          "schema_version": 1,
          "attributes": {
            "arn": "arn:aws:ec2:us-east-1:281934764171:security-group/sg-03a261ba12dadef5c",
            "description": "Security group for web servers",
            "egress": [
              {
                "cidr_blocks": [
                  "0.0.0.0/0"
                ],
                "description": "Allow all outbound traffic",
                "from_port": 0,
                "ipv6_cidr_blocks": [],
                "prefix_list_ids": [],
                "protocol": "-1",
                "security_groups": [],
                "self": false,
                "to_port": 0
              }
            ],
            "id": "sg-03a261ba12dadef5c",
            "ingress": [
              {
                "cidr_blocks": [
                  "0.0.0.0/0"
                ],
                "description": "HTTP from anywhere",
                "from_port": 80,
                "ipv6_cidr_blocks": [],
                "prefix_list_ids": [],
                "protocol": "tcp",
                "security_groups": [],
                "self": false,
                "to_port": 80
              },
              {
                "cidr_blocks": [
                  "0.0.0.0/0"
                ],
                "description": "HTTPS from anywhere",
                "from_port": 443,
                "ipv6_cidr_blocks": [],
                "prefix_list_ids": [],
                "protocol": "tcp",
                "security_groups": [],
                "self": false,
                "to_port": 443
              },
              {
                "cidr_blocks": [],
                "description": "SSH from bastion",
                "from_port": 22,
                "ipv6_cidr_blocks": [],
                "prefix_list_ids": [],
                "protocol": "tcp",
                "security_groups": [
                  "sg-00e004ffdc8155e5f"
                ],
                "self": false,
                "to_port": 22
              }
            ],
            "name": "web-sg",
            "name_prefix": "",
            "owner_id": "281934764171",
            "region": "us-east-1",
            "revoke_rules_on_delete": false,
            "tags": {
              "Name": "techcorp-web-sg"
            },
            "tags_all": {
              "Name": "techcorp-web-sg"
            },
            "timeouts": null,
            "vpc_id": "vpc-08e57a52d99e05157"
          },
          "sensitive_attributes": [],
          "identity_schema_version": 0,
          "identity": {
            "account_id": "281934764171",
            "id": "sg-03a261ba12dadef5c",
            "region": "us-east-1"
          },
          "private": "eyJlMmJmYjczMC1lY2FhLTExZTYtOGY4OC0zNDM2M2JjN2M0YzAiOnsiY3JlYXRlIjo2MDAwMDAwMDAwMDAsImRlbGV0ZSI6OTAwMDAwMDAwMDAwfSwic2NoZW1hX3ZlcnNpb24iOiIxIn0=",
          "dependencies": [
            "aws_security_group.bastion_sg",
            "aws_vpc.main_vpc"
          ]
        }
      ]
    },
    {
      "mode": "managed",
      "type": "aws_subnet",
      "name": "private_subnet_1",
      "provider": "provider[\"registry.terraform.io/hashicorp/aws\"]",
      "instances": [
        {
          "schema_version": 1,
          "attributes": {
            "arn": "arn:aws:ec2:us-east-1:281934764171:subnet/subnet-060b7b8d2ae1ffb97",
            "assign_ipv6_address_on_creation": false,
            "availability_zone": "us-east-1a",
            "availability_zone_id": "use1-az4",
            "cidr_block": "10.0.3.0/24",
            "customer_owned_ipv4_pool": "",
            "enable_dns64": false,
            "enable_lni_at_device_index": 0,
            "enable_resource_name_dns_a_record_on_launch": false,
            "enable_resource_name_dns_aaaa_record_on_launch": false,
            "id": "subnet-060b7b8d2ae1ffb97",
            "ipv6_cidr_block": "",
            "ipv6_cidr_block_association_id": "",
            "ipv6_native": false,
            "map_customer_owned_ip_on_launch": false,
            "map_public_ip_on_launch": false,
            "outpost_arn": "",
            "owner_id": "281934764171",
            "private_dns_hostname_type_on_launch": "ip-name",
            "region": "us-east-1",
            "tags": {
              "Name": "techcorp-private-subnet-1"
            },
            "tags_all": {
              "Name": "techcorp-private-subnet-1"
            },
            "timeouts": null,
            "vpc_id": "vpc-08e57a52d99e05157"
          },
          "sensitive_attributes": [],
          "identity_schema_version": 0,
          "identity": {
            "account_id": "281934764171",
            "id": "subnet-060b7b8d2ae1ffb97",
            "region": "us-east-1"
          },
          "private": "eyJlMmJmYjczMC1lY2FhLTExZTYtOGY4OC0zNDM2M2JjN2M0YzAiOnsiY3JlYXRlIjo2MDAwMDAwMDAwMDAsImRlbGV0ZSI6MTIwMDAwMDAwMDAwMH0sInNjaGVtYV92ZXJzaW9uIjoiMSJ9",
          "dependencies": [
            "aws_vpc.main_vpc",
            "data.aws_availability_zones.available"
          ]
        }
      ]
    },
    {
      "mode": "managed",
      "type": "aws_subnet",
      "name": "private_subnet_2",
      "provider": "provider[\"registry.terraform.io/hashicorp/aws\"]",
      "instances": [
        {
          "schema_version": 1,
          "attributes": {
            "arn": "arn:aws:ec2:us-east-1:281934764171:subnet/subnet-0825d5a46d75993c3",
            "assign_ipv6_address_on_creation": false,
            "availability_zone": "us-east-1b",
            "availability_zone_id": "use1-az6",
            "cidr_block": "10.0.4.0/24",
            "customer_owned_ipv4_pool": "",
            "enable_dns64": false,
            "enable_lni_at_device_index": 0,
            "enable_resource_name_dns_a_record_on_launch": false,
            "enable_resource_name_dns_aaaa_record_on_launch": false,
            "id": "subnet-0825d5a46d75993c3",
            "ipv6_cidr_block": "",
            "ipv6_cidr_block_association_id": "",
            "ipv6_native": false,
            "map_customer_owned_ip_on_launch": false,
            "map_public_ip_on_launch": false,
            "outpost_arn": "",
            "owner_id": "281934764171",
            "private_dns_hostname_type_on_launch": "ip-name",
            "region": "us-east-1",
            "tags": {
              "Name": "techcorp-private-subnet-2"
            },
            "tags_all": {
              "Name": "techcorp-private-subnet-2"
            },
            "timeouts": null,
            "vpc_id": "vpc-08e57a52d99e05157"
          },
          "sensitive_attributes": [],
          "identity_schema_version": 0,
          "identity": {
            "account_id": "281934764171",
            "id": "subnet-0825d5a46d75993c3",
            "region": "us-east-1"
          },
          "private": "eyJlMmJmYjczMC1lY2FhLTExZTYtOGY4OC0zNDM2M2JjN2M0YzAiOnsiY3JlYXRlIjo2MDAwMDAwMDAwMDAsImRlbGV0ZSI6MTIwMDAwMDAwMDAwMH0sInNjaGVtYV92ZXJzaW9uIjoiMSJ9",
          "dependencies": [
            "aws_vpc.main_vpc",
            "data.aws_availability_zones.available"
          ]
        }
      ]
    },
    {
      "mode": "managed",
      "type": "aws_subnet",
      "name": "public_subnet_1",
      "provider": "provider[\"registry.terraform.io/hashicorp/aws\"]",
      "instances": [
        {
          "schema_version": 1,
          "attributes": {
            "arn": "arn:aws:ec2:us-east-1:281934764171:subnet/subnet-0a09a0f750dce96eb",
            "assign_ipv6_address_on_creation": false,
            "availability_zone": "us-east-1a",
            "availability_zone_id": "use1-az4",
            "cidr_block": "10.0.1.0/24",
            "customer_owned_ipv4_pool": "",
            "enable_dns64": false,
            "enable_lni_at_device_index": 0,
            "enable_resource_name_dns_a_record_on_launch": false,
            "enable_resource_name_dns_aaaa_record_on_launch": false,
            "id": "subnet-0a09a0f750dce96eb",
            "ipv6_cidr_block": "",
            "ipv6_cidr_block_association_id": "",
            "ipv6_native": false,
            "map_customer_owned_ip_on_launch": false,
            "map_public_ip_on_launch": true,
            "outpost_arn": "",
            "owner_id": "281934764171",
            "private_dns_hostname_type_on_launch": "ip-name",
            "region": "us-east-1",
            "tags": {
              "Name": "techcorp-public-subnet-1"
            },
            "tags_all": {
              "Name": "techcorp-public-subnet-1"
            },
            "timeouts": null,
            "vpc_id": "vpc-08e57a52d99e05157"
          },
          "sensitive_attributes": [],
          "identity_schema_version": 0,
          "identity": {
            "account_id": "281934764171",
            "id": "subnet-0a09a0f750dce96eb",
            "region": "us-east-1"
          },
          "private": "eyJlMmJmYjczMC1lY2FhLTExZTYtOGY4OC0zNDM2M2JjN2M0YzAiOnsiY3JlYXRlIjo2MDAwMDAwMDAwMDAsImRlbGV0ZSI6MTIwMDAwMDAwMDAwMH0sInNjaGVtYV92ZXJzaW9uIjoiMSJ9",
          "dependencies": [
            "aws_vpc.main_vpc",
            "data.aws_availability_zones.available"
          ]
        }
      ]
    },
    {
      "mode": "managed",
      "type": "aws_subnet",
      "name": "public_subnet_2",
      "provider": "provider[\"registry.terraform.io/hashicorp/aws\"]",
      "instances": [
        {
          "schema_version": 1,
          "attributes": {
            "arn": "arn:aws:ec2:us-east-1:281934764171:subnet/subnet-0ec724be5dd1c8dcc",
            "assign_ipv6_address_on_creation": false,
            "availability_zone": "us-east-1b",
            "availability_zone_id": "use1-az6",
            "cidr_block": "10.0.2.0/24",
            "customer_owned_ipv4_pool": "",
            "enable_dns64": false,
            "enable_lni_at_device_index": 0,
            "enable_resource_name_dns_a_record_on_launch": false,
            "enable_resource_name_dns_aaaa_record_on_launch": false,
            "id": "subnet-0ec724be5dd1c8dcc",
            "ipv6_cidr_block": "",
            "ipv6_cidr_block_association_id": "",
            "ipv6_native": false,
            "map_customer_owned_ip_on_launch": false,
            "map_public_ip_on_launch": true,
            "outpost_arn": "",
            "owner_id": "281934764171",
            "private_dns_hostname_type_on_launch": "ip-name",
            "region": "us-east-1",
            "tags": {
              "Name": "techcorp-public-subnet-2"
            },
            "tags_all": {
              "Name": "techcorp-public-subnet-2"
            },
            "timeouts": null,
            "vpc_id": "vpc-08e57a52d99e05157"
          },
          "sensitive_attributes": [],
          "identity_schema_version": 0,
          "identity": {
            "account_id": "281934764171",
            "id": "subnet-0ec724be5dd1c8dcc",
            "region": "us-east-1"
          },
          "private": "eyJlMmJmYjczMC1lY2FhLTExZTYtOGY4OC0zNDM2M2JjN2M0YzAiOnsiY3JlYXRlIjo2MDAwMDAwMDAwMDAsImRlbGV0ZSI6MTIwMDAwMDAwMDAwMH0sInNjaGVtYV92ZXJzaW9uIjoiMSJ9",
          "dependencies": [
            "aws_vpc.main_vpc",
            "data.aws_availability_zones.available"
          ]
        }
      ]
    },
    {
      "mode": "managed",
      "type": "aws_vpc",
      "name": "main_vpc",
      "provider": "provider[\"registry.terraform.io/hashicorp/aws\"]",
      "instances": [
        {
          "schema_version": 1,
          "attributes": {
            "arn": "arn:aws:ec2:us-east-1:281934764171:vpc/vpc-08e57a52d99e05157",
            "assign_generated_ipv6_cidr_block": false,
            "cidr_block": "10.0.0.0/16",
            "default_network_acl_id": "acl-024d0783c7cb02d35",
            "default_route_table_id": "rtb-044f734c5f6b542de",
            "default_security_group_id": "sg-046c70581e8f9c617",
            "dhcp_options_id": "dopt-03baa793792b6006b",
            "enable_dns_hostnames": true,
            "enable_dns_support": true,
            "enable_network_address_usage_metrics": false,
            "id": "vpc-08e57a52d99e05157",
            "instance_tenancy": "default",
            "ipv4_ipam_pool_id": null,
            "ipv4_netmask_length": null,
            "ipv6_association_id": "",
            "ipv6_cidr_block": "",
            "ipv6_cidr_block_network_border_group": "",
            "ipv6_ipam_pool_id": "",
            "ipv6_netmask_length": 0,
            "main_route_table_id": "rtb-044f734c5f6b542de",
            "owner_id": "281934764171",
            "region": "us-east-1",
            "tags": {
              "Name": "techcorp-vpc"
            },
            "tags_all": {
              "Name": "techcorp-vpc"
            }
          },
          "sensitive_attributes": [],
          "identity_schema_version": 0,
          "identity": {
            "account_id": "281934764171",
            "id": "vpc-08e57a52d99e05157",
            "region": "us-east-1"
          },
          "private": "eyJzY2hlbWFfdmVyc2lvbiI6IjEifQ=="
        }
      ]
    },
    {
      "mode": "managed",
      "type": "local_file",
      "name": "private_key",
      "provider": "provider[\"registry.terraform.io/hashicorp/local\"]",
      "instances": [
        {
          "schema_version": 0,
          "attributes": {
            "content": "-----BEGIN RSA PRIVATE KEY-----\nMIIJKAIBAAKCAgEA0Ur7Ms0KLPfROaYA2HyHCbvLhwz0w0gdEaj/R43c8m7L2Ae4\nI3Y0KzKfGq1QhAywaUzEgC+9JPIyQwVw63KOUb27nJIuh2NNd5RbgIrRT1ljcxAH\n+Kold0MOLD220nA/WXeL5ePoh8uh+yEE5UiSpsxuObCqMn967zJMqxH0bUmn4iLh\nHmm1CSMuiM5OduMhSEjAY0Y0fkhRSaXnaSwBpEyW4IC4Q3Hx95cPlcEXwEDUMkcb\nZkAKtPjZvqNILjBU6dSy49BtK+LGqjrV1M/FQ1AYp11jqL/VwhakT5+951AMsZVH\neask4sOfkEnhBlGYYqzuluyGGtDK/UxmKOPtexfUz56uuLytqEQ9ReUteeKsYqPN\nxcTivvYhDC+viUTN5FZYh1vHllI+cSd7CjiKJBRlyIPJGrBupNo9d23cFm9l83Vj\nGYYlPhQPBQmAUOP8HzRpFoV2g4f9vg+j57Et9UN0s+hcRhEpF6flffS5hZrkV2N5\nFQ0tHKFtoUuOjnx0htiz53fDlB2PR/rHtjXxnbQQzchSS0LsuxK1nx0H3fbAU8u0\n3QvkMdxLHIpsuCL5IFzLsgbAKPTnMNLh1VW+9UKXzW/eUxcUBy8k4InAJRaTEz0o\nmotj9epcv3jWGs+KRngngZOKnWo0DaqAhZJ2QjaYfX7N+3Iv7ARQ+naMAS0CAwEA\nAQKCAgBE/At/S6EigE6Iy2Q09xrFhQ5JReZ5ZZAbTZJTIfnlOMrcunKh0ajRYj6a\nGu1SkSImmySbweB8yI3zlFwLZzdszvaDXZWTj5Itq4tbe6YRGvwSJYMTHfX6cPI/\nd9oGU/Q1h5dnn276L48FCPWlo32fF/vu7QG0YluBcxldO65OxXveKDP+g8YlrGB+\nvE2VlzjVrBEpx66uvyR3+4SioFwsLQiAGD1kEa85NiPvbvVmq5eluNVZpxtAWlPf\nJ8+3VbvvVOnf+Ee7suRboMfxfMhe7wwpQjmCmjSZZEAldJgyIasFb5hfDJ+8VNGH\nzCotHID3aVu9CFoNhauawO9dY/9WviiOfQgFwd7qkGa/fh9YxfRmNThFNpt7TUZz\nE/R98mlO7TW/h4S6cR++UDuynbI9pIjRUuEnxFnTXJfuH9KWdoIDPNph58Le73Kj\nLxGiq1RKAY0vOAGiHu9K1ZQym87VxrEDz6uJAdty0UXY5AA9pR6NvQ8F/can96AD\nDQkvSDXbt2Jvxi3x/NuZaf58N8JV9D3GWKANC24yJtM9OEDjF4biXVAw4/y34Aem\n3zPB61GrrmbepAAp0n5Y3v6XeD98JgVMH3TIxbj6/ML2lJNCauu04j7Xp8qU4ZqJ\nq04YYQGpMroEo14JrQo8YWDQ7Y9NHdh+L+pA59a5gd2v5eqhiwKCAQEA8IAn386g\nkX1ZUmc7Y0JFp0xdgjnQW4+6ITvwTbOiAGo637yiGDGUn9G/cE1u6OMH0ZlCbNPS\nFUAWs4e7sEq1NE16DJXiOttr3kEBWlVLJQYRTeNrImj5wZgbwyPexiIVlbi7b75f\n2emqHcj3Pv7tDFU33yeLjnNOC8mUhA+Qhp+beo6W5Dnps+LD9qOFhYQ9hniQ6lMP\nfSW+F7pENGKbgZl9FwAlmNmYVPAyYsWh1MyawXFj+m6C77ici8QEr1J5w49Oo31r\nObVsMsITGGBpbgs898MV4wDy0l5RomGDV55rQyY4UxvQQBHfZxHmSDlyahzzUkCV\nP77obIjM+A7wEwKCAQEA3sfzwc7xSux3ypl9TdRYOdIPgV05t13vS5YBSki5ESqH\nsxOnPpHmlWSvA4c84KJQCOm8/j+97OTDJ+jI9pev5Zc5WakXS2vfa5h/3+nZzwUQ\nycBjXCtP+IWfZZgkvope4aBgHLU83y7sWs/gs9THb24UBSFSEfSPvbon6uXxrxFL\nm2nspaZCni3IksICAUxMBMJd/G6Bt7IHWAgQl0+H9YErJGIo8Esr84BabWZ/YbEF\ntzI2XAT5diNVjVui6DKPzYp8z2/sl9w60V4HRoK8MgZX1sU79L795pmINsuU/ASx\nkFmmJbfwhW3QnwO46dOjPjo6dAhTfTVDUhuBTafxvwKCAQEAy6GXIXbQmZ9qu8zQ\nifCZDVgpbJQLCRue23jmtMO+DV/kzX/oN1fzoYZ081984w8nlZ6QkZigLoH/Nq9c\niZ4X41seVf2qeW9D3AFqZdQGNij3Cd3e3lnH7tUd3JJIk7ZUVFr/yVOF0Pp5oZKB\nVgN/LowRLI9NKKYUlQJvD4omMvZ9LL4CoOcwK7F7fx9hdHVNqsf225DMcog8ddau\n3TQIuyj8szbanprO0kw2PU9dANLkzZl2r5pWnybO1cB4vwG0O5LhYKhW25vzKt8M\nT/2CBzzYuGej5nrtHpXhxP2PueZWp5p64lOQdk8ruxd6xfhuGc69bw1j0X+RSCRk\neDwdpQKCAQBUygdFGS0O1gcVretZ5tqZTxClrMSdvHup6fKdwiXlmalCB9XcY40+\nCK7vidYqrLwHWGac4ce4VKzOELQD3mGM4UxrioaaJvlGqyjoIMnMF+J21uk6GCX8\nsWakNQ6vElzgRLiv1G7RhrtgKMQdzXsGNwAZn7/ro4fdru8oYNHmTo/XG658sVWj\nfEtdR8eZlN9N5Gf+/lQShQh0gcVGwXc+giXYWB+6rPGSYKSKBLuwg75oJg04YpBL\nXVFfVqQe+bdvhCjSjoeemKwuKTpdpL5Zz744uKKEGPjrfj2wlTUj4eluxiANNP+u\n2MfQ7YrAO9NiiKjcppqYCeCQbHV/B89jAoIBAAPb1ljYfe8k4OJ89QFgJkApUpQ5\n2Uo2WhEmtqH3jifQvc9wjlDi+hO6M3LykezZmEc3t4gNmxPMxQQkv5J+1anijuuE\nNtttNBhUqeM4ngXPix94rWJ+qjiT+1ECfxCBtMb1t4fL06LDx4pK5kqmHpnMaQqI\n//wx06aPmvpIiUnonXwlod3amIR++XDb7gaRAJjDfAaewL+QvHZ5tp09ckMxpIcA\nOxfbvnmF2IwIuEo8mIVS4krAkACWBZ521smHeExB+jXOiS8cPHTFMfzbx8qabk16\nhE0EpbBG5mB0wFcZ28W5nqJYkII9BBXuXPWBzuv3MzICwGHV494Ma44JMm4=\n-----END RSA PRIVATE KEY-----\n",
            "content_base64": null,
            "content_base64sha256": "RvXVNv2IganJ+VC2vJeta7P1NlMF7YYjI1q3ZyGvYko=",
            "content_base64sha512": "9KcKl4JEe9ZkAYapCWbTUFmRbNT9C+OXA4NtPE5cjfBQJkRmn7q9//L+PqGuiij7tv8pShuDYUqHKfqjG0VZ5A==",
            "content_md5": "b9c2db0feea5a2ae67ab1a7a822e3fe5",
            "content_sha1": "5cd6741110004a74e8bbf32414c53c7169ec531f",
            "content_sha256": "46f5d536fd8881a9c9f950b6bc97ad6bb3f5365305ed8623235ab76721af624a",
            "content_sha512": "f4a70a9782447bd6640186a90966d35059916cd4fd0be39703836d3c4e5c8df0502644669fbabdfff2fe3ea1ae8a28fbb6ff294a1b83614a8729faa31b4559e4",
            "directory_permission": "0777",
            "file_permission": "0400",
            "filename": "./techcorp-key.pem",
            "id": "5cd6741110004a74e8bbf32414c53c7169ec531f",
            "sensitive_content": null,
            "source": null
          },
          "sensitive_attributes": [
            [
              {
                "type": "get_attr",
                "value": "content"
              }
            ],
            [
              {
                "type": "get_attr",
                "value": "sensitive_content"
              }
            ]
          ],
          "identity_schema_version": 0,
          "dependencies": [
            "tls_private_key.techcorp_key"
          ]
        }
      ]
    },
    {
      "mode": "managed",
      "type": "local_file",
      "name": "public_key",
      "provider": "provider[\"registry.terraform.io/hashicorp/local\"]",
      "instances": [
        {
          "schema_version": 0,
          "attributes": {
            "content": "ssh-rsa AAAAB3NzaC1yc2EAAAADAQABAAACAQDRSvsyzQos99E5pgDYfIcJu8uHDPTDSB0RqP9HjdzybsvYB7gjdjQrMp8arVCEDLBpTMSAL70k8jJDBXDrco5Rvbucki6HY013lFuAitFPWWNzEAf4qiV3Qw4sPbbScD9Zd4vl4+iHy6H7IQTlSJKmzG45sKoyf3rvMkyrEfRtSafiIuEeabUJIy6Izk524yFISMBjRjR+SFFJpedpLAGkTJbggLhDcfH3lw+VwRfAQNQyRxtmQAq0+Nm+o0guMFTp1LLj0G0r4saqOtXUz8VDUBinXWOov9XCFqRPn73nUAyxlUd5qyTiw5+QSeEGUZhirO6W7IYa0Mr9TGYo4+17F9TPnq64vK2oRD1F5S154qxio83FxOK+9iEML6+JRM3kVliHW8eWUj5xJ3sKOIokFGXIg8kasG6k2j13bdwWb2XzdWMZhiU+FA8FCYBQ4/wfNGkWhXaDh/2+D6PnsS31Q3Sz6FxGESkXp+V99LmFmuRXY3kVDS0coW2hS46OfHSG2LPnd8OUHY9H+se2NfGdtBDNyFJLQuy7ErWfHQfd9sBTy7TdC+Qx3Escimy4IvkgXMuyBsAo9Ocw0uHVVb71QpfNb95TFxQHLyTgicAlFpMTPSiai2P16ly/eNYaz4pGeCeBk4qdajQNqoCFknZCNph9fs37ci/sBFD6dowBLQ==\n",
            "content_base64": null,
            "content_base64sha256": "+iC4HhMsU//i975EM6ZC4t1rhTA33xsegioc/76ABjU=",
            "content_base64sha512": "ARXgk+LS4Mzd96vNwWNpTqmc4l9FdMlj8p70bPhSN9FCV/ovDehAkhR1/VjxLrxl2Uze1FxHEyJpVJ9vE4LrEQ==",
            "content_md5": "01f66e88a60ef2e0cf057e1ccf561721",
            "content_sha1": "6026efd2f562cdd59165d101167d0772b48024f5",
            "content_sha256": "fa20b81e132c53ffe2f7be4433a642e2dd6b853037df1b1e822a1cffbe800635",
            "content_sha512": "0115e093e2d2e0ccddf7abcdc163694ea99ce25f4574c963f29ef46cf85237d14257fa2f0de840921475fd58f12ebc65d94cded45c47132269549f6f1382eb11",
            "directory_permission": "0777",
            "file_permission": "0777",
            "filename": "./techcorp-key.pub",
            "id": "6026efd2f562cdd59165d101167d0772b48024f5",
            "sensitive_content": null,
            "source": null
          },
          "sensitive_attributes": [
            [
              {
                "type": "get_attr",
                "value": "sensitive_content"
              }
            ]
          ],
          "identity_schema_version": 0,
          "dependencies": [
            "tls_private_key.techcorp_key"
          ]
        }
      ]
    },
    {
      "mode": "managed",
      "type": "tls_private_key",
      "name": "techcorp_key",
      "provider": "provider[\"registry.terraform.io/hashicorp/tls\"]",
      "instances": [
        {
          "schema_version": 1,
          "attributes": {
            "algorithm": "RSA",
            "ecdsa_curve": "P224",
            "id": "c1b700f8095af2035ed8d142184645f2057c48b4",
            "private_key_openssh": "-----BEGIN OPENSSH PRIVATE KEY-----\nb3BlbnNzaC1rZXktdjEAAAAABG5vbmUAAAAEbm9uZQAAAAAAAAABAAACFwAAAAdz\nc2gtcnNhAAAAAwEAAQAAAgEA0Ur7Ms0KLPfROaYA2HyHCbvLhwz0w0gdEaj/R43c\n8m7L2Ae4I3Y0KzKfGq1QhAywaUzEgC+9JPIyQwVw63KOUb27nJIuh2NNd5RbgIrR\nT1ljcxAH+Kold0MOLD220nA/WXeL5ePoh8uh+yEE5UiSpsxuObCqMn967zJMqxH0\nbUmn4iLhHmm1CSMuiM5OduMhSEjAY0Y0fkhRSaXnaSwBpEyW4IC4Q3Hx95cPlcEX\nwEDUMkcbZkAKtPjZvqNILjBU6dSy49BtK+LGqjrV1M/FQ1AYp11jqL/VwhakT5+9\n51AMsZVHeask4sOfkEnhBlGYYqzuluyGGtDK/UxmKOPtexfUz56uuLytqEQ9ReUt\neeKsYqPNxcTivvYhDC+viUTN5FZYh1vHllI+cSd7CjiKJBRlyIPJGrBupNo9d23c\nFm9l83VjGYYlPhQPBQmAUOP8HzRpFoV2g4f9vg+j57Et9UN0s+hcRhEpF6flffS5\nhZrkV2N5FQ0tHKFtoUuOjnx0htiz53fDlB2PR/rHtjXxnbQQzchSS0LsuxK1nx0H\n3fbAU8u03QvkMdxLHIpsuCL5IFzLsgbAKPTnMNLh1VW+9UKXzW/eUxcUBy8k4InA\nJRaTEz0omotj9epcv3jWGs+KRngngZOKnWo0DaqAhZJ2QjaYfX7N+3Iv7ARQ+naM\nAS0AAAc4kANMC5ADTAsAAAAHc3NoLXJzYQAAAgEA0Ur7Ms0KLPfROaYA2HyHCbvL\nhwz0w0gdEaj/R43c8m7L2Ae4I3Y0KzKfGq1QhAywaUzEgC+9JPIyQwVw63KOUb27\nnJIuh2NNd5RbgIrRT1ljcxAH+Kold0MOLD220nA/WXeL5ePoh8uh+yEE5UiSpsxu\nObCqMn967zJMqxH0bUmn4iLhHmm1CSMuiM5OduMhSEjAY0Y0fkhRSaXnaSwBpEyW\n4IC4Q3Hx95cPlcEXwEDUMkcbZkAKtPjZvqNILjBU6dSy49BtK+LGqjrV1M/FQ1AY\np11jqL/VwhakT5+951AMsZVHeask4sOfkEnhBlGYYqzuluyGGtDK/UxmKOPtexfU\nz56uuLytqEQ9ReUteeKsYqPNxcTivvYhDC+viUTN5FZYh1vHllI+cSd7CjiKJBRl\nyIPJGrBupNo9d23cFm9l83VjGYYlPhQPBQmAUOP8HzRpFoV2g4f9vg+j57Et9UN0\ns+hcRhEpF6flffS5hZrkV2N5FQ0tHKFtoUuOjnx0htiz53fDlB2PR/rHtjXxnbQQ\nzchSS0LsuxK1nx0H3fbAU8u03QvkMdxLHIpsuCL5IFzLsgbAKPTnMNLh1VW+9UKX\nzW/eUxcUBy8k4InAJRaTEz0omotj9epcv3jWGs+KRngngZOKnWo0DaqAhZJ2QjaY\nfX7N+3Iv7ARQ+naMAS0AAAADAQABAAACAET8C39LoSKATojLZDT3GsWFDklF5nll\nkBtNklMh+eU4yty6cqHRqNFiPpoa7VKRIiabJJvB4HzIjfOUXAtnN2zO9oNdlZOP\nki2ri1t7phEa/BIlgxMd9fpw8j932gZT9DWHl2efbvovjwUI9aWjfZ8X++7tAbRi\nW4FzGV07rk7Fe94oM/6DxiWsYH68TZWXONWsESnHrq6/JHf7hKKgXCwtCIAYPWQR\nrzk2I+9u9Warl6W41VmnG0BaU98nz7dVu+9U6d/4R7uy5Fugx/F8yF7vDClCOYKa\nNJlkQCV0mDIhqwVvmF8Mn7xU0YfMKi0cgPdpW70IWg2Fq5rA711j/1a+KI59CAXB\n3uqQZr9+H1jF9GY1OEU2m3tNRnMT9H3yaU7tNb+HhLpxH75QO7Kdsj2kiNFS4SfE\nWdNcl+4f0pZ2ggM82mHnwt7vcqMvEaKrVEoBjS84AaIe70rVlDKbztXGsQPPq4kB\n23LRRdjkAD2lHo29DwX9xqf3oAMNCS9INdu3Ym/GLfH825lp/nw3wlX0PcZYoA0L\nbjIm0z04QOMXhuJdUDDj/LfgB6bfM8HrUauuZt6kACnSflje/pd4P3wmBUwfdMjF\nuPr8wvaUk0Jq67TiPtenypThmomrThhhAakyugSjXgmtCjxhYNDtj00d2H4v6kDn\n1rmB3a/l6qGLAAABAAPb1ljYfe8k4OJ89QFgJkApUpQ52Uo2WhEmtqH3jifQvc9w\njlDi+hO6M3LykezZmEc3t4gNmxPMxQQkv5J+1anijuuENtttNBhUqeM4ngXPix94\nrWJ+qjiT+1ECfxCBtMb1t4fL06LDx4pK5kqmHpnMaQqI//wx06aPmvpIiUnonXwl\nod3amIR++XDb7gaRAJjDfAaewL+QvHZ5tp09ckMxpIcAOxfbvnmF2IwIuEo8mIVS\n4krAkACWBZ521smHeExB+jXOiS8cPHTFMfzbx8qabk16hE0EpbBG5mB0wFcZ28W5\nnqJYkII9BBXuXPWBzuv3MzICwGHV494Ma44JMm4AAAEBAPCAJ9/OoJF9WVJnO2NC\nRadMXYI50FuPuiE78E2zogBqOt+8ohgxlJ/Rv3BNbujjB9GZQmzT0hVAFrOHu7BK\ntTRNegyV4jrba95BAVpVSyUGEU3jayJo+cGYG8Mj3sYiFZW4u2++X9npqh3I9z7+\n7QxVN98ni45zTgvJlIQPkIafm3qOluQ56bPiw/ajhYWEPYZ4kOpTD30lvhe6RDRi\nm4GZfRcAJZjZmFTwMmLFodTMmsFxY/pugu+4nIvEBK9SecOPTqN9azm1bDLCExhg\naW4LPPfDFeMA8tJeUaJhg1eea0MmOFMb0EAR32cR5kg5cmoc81JAlT++6GyIzPgO\n8BMAAAEBAN7H88HO8Ursd8qZfU3UWDnSD4FdObdd70uWAUpIuREqh7MTpz6R5pVk\nrwOHPOCiUAjpvP4/vezkwyfoyPaXr+WXOVmpF0tr32uYf9/p2c8FEMnAY1wrT/iF\nn2WYJL6KXuGgYBy1PN8u7FrP4LPUx29uFAUhUhH0j726J+rl8a8RS5tp7KWmQp4t\nyJLCAgFMTATCXfxugbeyB1gIEJdPh/WBKyRiKPBLK/OAWm1mf2GxBbcyNlwE+XYj\nVY1bougyj82KfM9v7JfcOtFeB0aCvDIGV9bFO/S+/eaZiDbLlPwEsZBZpiW38IVt\n0J8DuOnToz46OnQIU301Q1IbgU2n8b8AAAAAAQID\n-----END OPENSSH PRIVATE KEY-----\n",
            "private_key_pem": "-----BEGIN RSA PRIVATE KEY-----\nMIIJKAIBAAKCAgEA0Ur7Ms0KLPfROaYA2HyHCbvLhwz0w0gdEaj/R43c8m7L2Ae4\nI3Y0KzKfGq1QhAywaUzEgC+9JPIyQwVw63KOUb27nJIuh2NNd5RbgIrRT1ljcxAH\n+Kold0MOLD220nA/WXeL5ePoh8uh+yEE5UiSpsxuObCqMn967zJMqxH0bUmn4iLh\nHmm1CSMuiM5OduMhSEjAY0Y0fkhRSaXnaSwBpEyW4IC4Q3Hx95cPlcEXwEDUMkcb\nZkAKtPjZvqNILjBU6dSy49BtK+LGqjrV1M/FQ1AYp11jqL/VwhakT5+951AMsZVH\neask4sOfkEnhBlGYYqzuluyGGtDK/UxmKOPtexfUz56uuLytqEQ9ReUteeKsYqPN\nxcTivvYhDC+viUTN5FZYh1vHllI+cSd7CjiKJBRlyIPJGrBupNo9d23cFm9l83Vj\nGYYlPhQPBQmAUOP8HzRpFoV2g4f9vg+j57Et9UN0s+hcRhEpF6flffS5hZrkV2N5\nFQ0tHKFtoUuOjnx0htiz53fDlB2PR/rHtjXxnbQQzchSS0LsuxK1nx0H3fbAU8u0\n3QvkMdxLHIpsuCL5IFzLsgbAKPTnMNLh1VW+9UKXzW/eUxcUBy8k4InAJRaTEz0o\nmotj9epcv3jWGs+KRngngZOKnWo0DaqAhZJ2QjaYfX7N+3Iv7ARQ+naMAS0CAwEA\nAQKCAgBE/At/S6EigE6Iy2Q09xrFhQ5JReZ5ZZAbTZJTIfnlOMrcunKh0ajRYj6a\nGu1SkSImmySbweB8yI3zlFwLZzdszvaDXZWTj5Itq4tbe6YRGvwSJYMTHfX6cPI/\nd9oGU/Q1h5dnn276L48FCPWlo32fF/vu7QG0YluBcxldO65OxXveKDP+g8YlrGB+\nvE2VlzjVrBEpx66uvyR3+4SioFwsLQiAGD1kEa85NiPvbvVmq5eluNVZpxtAWlPf\nJ8+3VbvvVOnf+Ee7suRboMfxfMhe7wwpQjmCmjSZZEAldJgyIasFb5hfDJ+8VNGH\nzCotHID3aVu9CFoNhauawO9dY/9WviiOfQgFwd7qkGa/fh9YxfRmNThFNpt7TUZz\nE/R98mlO7TW/h4S6cR++UDuynbI9pIjRUuEnxFnTXJfuH9KWdoIDPNph58Le73Kj\nLxGiq1RKAY0vOAGiHu9K1ZQym87VxrEDz6uJAdty0UXY5AA9pR6NvQ8F/can96AD\nDQkvSDXbt2Jvxi3x/NuZaf58N8JV9D3GWKANC24yJtM9OEDjF4biXVAw4/y34Aem\n3zPB61GrrmbepAAp0n5Y3v6XeD98JgVMH3TIxbj6/ML2lJNCauu04j7Xp8qU4ZqJ\nq04YYQGpMroEo14JrQo8YWDQ7Y9NHdh+L+pA59a5gd2v5eqhiwKCAQEA8IAn386g\nkX1ZUmc7Y0JFp0xdgjnQW4+6ITvwTbOiAGo637yiGDGUn9G/cE1u6OMH0ZlCbNPS\nFUAWs4e7sEq1NE16DJXiOttr3kEBWlVLJQYRTeNrImj5wZgbwyPexiIVlbi7b75f\n2emqHcj3Pv7tDFU33yeLjnNOC8mUhA+Qhp+beo6W5Dnps+LD9qOFhYQ9hniQ6lMP\nfSW+F7pENGKbgZl9FwAlmNmYVPAyYsWh1MyawXFj+m6C77ici8QEr1J5w49Oo31r\nObVsMsITGGBpbgs898MV4wDy0l5RomGDV55rQyY4UxvQQBHfZxHmSDlyahzzUkCV\nP77obIjM+A7wEwKCAQEA3sfzwc7xSux3ypl9TdRYOdIPgV05t13vS5YBSki5ESqH\nsxOnPpHmlWSvA4c84KJQCOm8/j+97OTDJ+jI9pev5Zc5WakXS2vfa5h/3+nZzwUQ\nycBjXCtP+IWfZZgkvope4aBgHLU83y7sWs/gs9THb24UBSFSEfSPvbon6uXxrxFL\nm2nspaZCni3IksICAUxMBMJd/G6Bt7IHWAgQl0+H9YErJGIo8Esr84BabWZ/YbEF\ntzI2XAT5diNVjVui6DKPzYp8z2/sl9w60V4HRoK8MgZX1sU79L795pmINsuU/ASx\nkFmmJbfwhW3QnwO46dOjPjo6dAhTfTVDUhuBTafxvwKCAQEAy6GXIXbQmZ9qu8zQ\nifCZDVgpbJQLCRue23jmtMO+DV/kzX/oN1fzoYZ081984w8nlZ6QkZigLoH/Nq9c\niZ4X41seVf2qeW9D3AFqZdQGNij3Cd3e3lnH7tUd3JJIk7ZUVFr/yVOF0Pp5oZKB\nVgN/LowRLI9NKKYUlQJvD4omMvZ9LL4CoOcwK7F7fx9hdHVNqsf225DMcog8ddau\n3TQIuyj8szbanprO0kw2PU9dANLkzZl2r5pWnybO1cB4vwG0O5LhYKhW25vzKt8M\nT/2CBzzYuGej5nrtHpXhxP2PueZWp5p64lOQdk8ruxd6xfhuGc69bw1j0X+RSCRk\neDwdpQKCAQBUygdFGS0O1gcVretZ5tqZTxClrMSdvHup6fKdwiXlmalCB9XcY40+\nCK7vidYqrLwHWGac4ce4VKzOELQD3mGM4UxrioaaJvlGqyjoIMnMF+J21uk6GCX8\nsWakNQ6vElzgRLiv1G7RhrtgKMQdzXsGNwAZn7/ro4fdru8oYNHmTo/XG658sVWj\nfEtdR8eZlN9N5Gf+/lQShQh0gcVGwXc+giXYWB+6rPGSYKSKBLuwg75oJg04YpBL\nXVFfVqQe+bdvhCjSjoeemKwuKTpdpL5Zz744uKKEGPjrfj2wlTUj4eluxiANNP+u\n2MfQ7YrAO9NiiKjcppqYCeCQbHV/B89jAoIBAAPb1ljYfe8k4OJ89QFgJkApUpQ5\n2Uo2WhEmtqH3jifQvc9wjlDi+hO6M3LykezZmEc3t4gNmxPMxQQkv5J+1anijuuE\nNtttNBhUqeM4ngXPix94rWJ+qjiT+1ECfxCBtMb1t4fL06LDx4pK5kqmHpnMaQqI\n//wx06aPmvpIiUnonXwlod3amIR++XDb7gaRAJjDfAaewL+QvHZ5tp09ckMxpIcA\nOxfbvnmF2IwIuEo8mIVS4krAkACWBZ521smHeExB+jXOiS8cPHTFMfzbx8qabk16\nhE0EpbBG5mB0wFcZ28W5nqJYkII9BBXuXPWBzuv3MzICwGHV494Ma44JMm4=\n-----END RSA PRIVATE KEY-----\n",
            "private_key_pem_pkcs8": "-----BEGIN PRIVATE KEY-----\nMIIJQgIBADANBgkqhkiG9w0BAQEFAASCCSwwggkoAgEAAoICAQDRSvsyzQos99E5\npgDYfIcJu8uHDPTDSB0RqP9HjdzybsvYB7gjdjQrMp8arVCEDLBpTMSAL70k8jJD\nBXDrco5Rvbucki6HY013lFuAitFPWWNzEAf4qiV3Qw4sPbbScD9Zd4vl4+iHy6H7\nIQTlSJKmzG45sKoyf3rvMkyrEfRtSafiIuEeabUJIy6Izk524yFISMBjRjR+SFFJ\npedpLAGkTJbggLhDcfH3lw+VwRfAQNQyRxtmQAq0+Nm+o0guMFTp1LLj0G0r4saq\nOtXUz8VDUBinXWOov9XCFqRPn73nUAyxlUd5qyTiw5+QSeEGUZhirO6W7IYa0Mr9\nTGYo4+17F9TPnq64vK2oRD1F5S154qxio83FxOK+9iEML6+JRM3kVliHW8eWUj5x\nJ3sKOIokFGXIg8kasG6k2j13bdwWb2XzdWMZhiU+FA8FCYBQ4/wfNGkWhXaDh/2+\nD6PnsS31Q3Sz6FxGESkXp+V99LmFmuRXY3kVDS0coW2hS46OfHSG2LPnd8OUHY9H\n+se2NfGdtBDNyFJLQuy7ErWfHQfd9sBTy7TdC+Qx3Escimy4IvkgXMuyBsAo9Ocw\n0uHVVb71QpfNb95TFxQHLyTgicAlFpMTPSiai2P16ly/eNYaz4pGeCeBk4qdajQN\nqoCFknZCNph9fs37ci/sBFD6dowBLQIDAQABAoICAET8C39LoSKATojLZDT3GsWF\nDklF5nllkBtNklMh+eU4yty6cqHRqNFiPpoa7VKRIiabJJvB4HzIjfOUXAtnN2zO\n9oNdlZOPki2ri1t7phEa/BIlgxMd9fpw8j932gZT9DWHl2efbvovjwUI9aWjfZ8X\n++7tAbRiW4FzGV07rk7Fe94oM/6DxiWsYH68TZWXONWsESnHrq6/JHf7hKKgXCwt\nCIAYPWQRrzk2I+9u9Warl6W41VmnG0BaU98nz7dVu+9U6d/4R7uy5Fugx/F8yF7v\nDClCOYKaNJlkQCV0mDIhqwVvmF8Mn7xU0YfMKi0cgPdpW70IWg2Fq5rA711j/1a+\nKI59CAXB3uqQZr9+H1jF9GY1OEU2m3tNRnMT9H3yaU7tNb+HhLpxH75QO7Kdsj2k\niNFS4SfEWdNcl+4f0pZ2ggM82mHnwt7vcqMvEaKrVEoBjS84AaIe70rVlDKbztXG\nsQPPq4kB23LRRdjkAD2lHo29DwX9xqf3oAMNCS9INdu3Ym/GLfH825lp/nw3wlX0\nPcZYoA0LbjIm0z04QOMXhuJdUDDj/LfgB6bfM8HrUauuZt6kACnSflje/pd4P3wm\nBUwfdMjFuPr8wvaUk0Jq67TiPtenypThmomrThhhAakyugSjXgmtCjxhYNDtj00d\n2H4v6kDn1rmB3a/l6qGLAoIBAQDwgCffzqCRfVlSZztjQkWnTF2COdBbj7ohO/BN\ns6IAajrfvKIYMZSf0b9wTW7o4wfRmUJs09IVQBazh7uwSrU0TXoMleI622veQQFa\nVUslBhFN42siaPnBmBvDI97GIhWVuLtvvl/Z6aodyPc+/u0MVTffJ4uOc04LyZSE\nD5CGn5t6jpbkOemz4sP2o4WFhD2GeJDqUw99Jb4XukQ0YpuBmX0XACWY2ZhU8DJi\nxaHUzJrBcWP6boLvuJyLxASvUnnDj06jfWs5tWwywhMYYGluCzz3wxXjAPLSXlGi\nYYNXnmtDJjhTG9BAEd9nEeZIOXJqHPNSQJU/vuhsiMz4DvATAoIBAQDex/PBzvFK\n7HfKmX1N1Fg50g+BXTm3Xe9LlgFKSLkRKoezE6c+keaVZK8DhzzgolAI6bz+P73s\n5MMn6Mj2l6/llzlZqRdLa99rmH/f6dnPBRDJwGNcK0/4hZ9lmCS+il7hoGActTzf\nLuxaz+Cz1MdvbhQFIVIR9I+9uifq5fGvEUubaeylpkKeLciSwgIBTEwEwl38boG3\nsgdYCBCXT4f1gSskYijwSyvzgFptZn9hsQW3MjZcBPl2I1WNW6LoMo/NinzPb+yX\n3DrRXgdGgrwyBlfWxTv0vv3mmYg2y5T8BLGQWaYlt/CFbdCfA7jp06M+Ojp0CFN9\nNUNSG4FNp/G/AoIBAQDLoZchdtCZn2q7zNCJ8JkNWClslAsJG57beOa0w74NX+TN\nf+g3V/OhhnTzX3zjDyeVnpCRmKAugf82r1yJnhfjWx5V/ap5b0PcAWpl1AY2KPcJ\n3d7eWcfu1R3ckkiTtlRUWv/JU4XQ+nmhkoFWA38ujBEsj00ophSVAm8PiiYy9n0s\nvgKg5zArsXt/H2F0dU2qx/bbkMxyiDx11q7dNAi7KPyzNtqems7STDY9T10A0uTN\nmXavmlafJs7VwHi/AbQ7kuFgqFbbm/Mq3wxP/YIHPNi4Z6Pmeu0eleHE/Y+55lan\nmnriU5B2Tyu7F3rF+G4Zzr1vDWPRf5FIJGR4PB2lAoIBAFTKB0UZLQ7WBxWt61nm\n2plPEKWsxJ28e6np8p3CJeWZqUIH1dxjjT4Iru+J1iqsvAdYZpzhx7hUrM4QtAPe\nYYzhTGuKhpom+UarKOggycwX4nbW6ToYJfyxZqQ1Dq8SXOBEuK/UbtGGu2AoxB3N\newY3ABmfv+ujh92u7yhg0eZOj9cbrnyxVaN8S11Hx5mU303kZ/7+VBKFCHSBxUbB\ndz6CJdhYH7qs8ZJgpIoEu7CDvmgmDThikEtdUV9WpB75t2+EKNKOh56YrC4pOl2k\nvlnPvji4ooQY+Ot+PbCVNSPh6W7GIA00/67Yx9DtisA702KIqNymmpgJ4JBsdX8H\nz2MCggEAA9vWWNh97yTg4nz1AWAmQClSlDnZSjZaESa2ofeOJ9C9z3COUOL6E7oz\ncvKR7NmYRze3iA2bE8zFBCS/kn7VqeKO64Q22200GFSp4zieBc+LH3itYn6qOJP7\nUQJ/EIG0xvW3h8vTosPHikrmSqYemcxpCoj//DHTpo+a+kiJSeidfCWh3dqYhH75\ncNvuBpEAmMN8Bp7Av5C8dnm2nT1yQzGkhwA7F9u+eYXYjAi4SjyYhVLiSsCQAJYF\nnnbWyYd4TEH6Nc6JLxw8dMUx/NvHyppuTXqETQSlsEbmYHTAVxnbxbmeoliQgj0E\nFe5c9YHO6/czMgLAYdXj3gxrjgkybg==\n-----END PRIVATE KEY-----\n",
            "public_key_fingerprint_md5": "6f:68:a2:2a:15:67:e5:28:1a:51:0e:33:66:1a:15:cc",
            "public_key_fingerprint_sha256": "SHA256:GGc7RuSUlWHozCod1i+OzfWGpAZsrwlGmquecZHEdfU",
            "public_key_openssh": "ssh-rsa AAAAB3NzaC1yc2EAAAADAQABAAACAQDRSvsyzQos99E5pgDYfIcJu8uHDPTDSB0RqP9HjdzybsvYB7gjdjQrMp8arVCEDLBpTMSAL70k8jJDBXDrco5Rvbucki6HY013lFuAitFPWWNzEAf4qiV3Qw4sPbbScD9Zd4vl4+iHy6H7IQTlSJKmzG45sKoyf3rvMkyrEfRtSafiIuEeabUJIy6Izk524yFISMBjRjR+SFFJpedpLAGkTJbggLhDcfH3lw+VwRfAQNQyRxtmQAq0+Nm+o0guMFTp1LLj0G0r4saqOtXUz8VDUBinXWOov9XCFqRPn73nUAyxlUd5qyTiw5+QSeEGUZhirO6W7IYa0Mr9TGYo4+17F9TPnq64vK2oRD1F5S154qxio83FxOK+9iEML6+JRM3kVliHW8eWUj5xJ3sKOIokFGXIg8kasG6k2j13bdwWb2XzdWMZhiU+FA8FCYBQ4/wfNGkWhXaDh/2+D6PnsS31Q3Sz6FxGESkXp+V99LmFmuRXY3kVDS0coW2hS46OfHSG2LPnd8OUHY9H+se2NfGdtBDNyFJLQuy7ErWfHQfd9sBTy7TdC+Qx3Escimy4IvkgXMuyBsAo9Ocw0uHVVb71QpfNb95TFxQHLyTgicAlFpMTPSiai2P16ly/eNYaz4pGeCeBk4qdajQNqoCFknZCNph9fs37ci/sBFD6dowBLQ==\n",
            "public_key_pem": "-----BEGIN PUBLIC KEY-----\nMIICIjANBgkqhkiG9w0BAQEFAAOCAg8AMIICCgKCAgEA0Ur7Ms0KLPfROaYA2HyH\nCbvLhwz0w0gdEaj/R43c8m7L2Ae4I3Y0KzKfGq1QhAywaUzEgC+9JPIyQwVw63KO\nUb27nJIuh2NNd5RbgIrRT1ljcxAH+Kold0MOLD220nA/WXeL5ePoh8uh+yEE5UiS\npsxuObCqMn967zJMqxH0bUmn4iLhHmm1CSMuiM5OduMhSEjAY0Y0fkhRSaXnaSwB\npEyW4IC4Q3Hx95cPlcEXwEDUMkcbZkAKtPjZvqNILjBU6dSy49BtK+LGqjrV1M/F\nQ1AYp11jqL/VwhakT5+951AMsZVHeask4sOfkEnhBlGYYqzuluyGGtDK/UxmKOPt\nexfUz56uuLytqEQ9ReUteeKsYqPNxcTivvYhDC+viUTN5FZYh1vHllI+cSd7CjiK\nJBRlyIPJGrBupNo9d23cFm9l83VjGYYlPhQPBQmAUOP8HzRpFoV2g4f9vg+j57Et\n9UN0s+hcRhEpF6flffS5hZrkV2N5FQ0tHKFtoUuOjnx0htiz53fDlB2PR/rHtjXx\nnbQQzchSS0LsuxK1nx0H3fbAU8u03QvkMdxLHIpsuCL5IFzLsgbAKPTnMNLh1VW+\n9UKXzW/eUxcUBy8k4InAJRaTEz0omotj9epcv3jWGs+KRngngZOKnWo0DaqAhZJ2\nQjaYfX7N+3Iv7ARQ+naMAS0CAwEAAQ==\n-----END PUBLIC KEY-----\n",
            "rsa_bits": 4096
          },
          "sensitive_attributes": [
            [
              {
                "type": "get_attr",
                "value": "private_key_openssh"
              }
            ],
            [
              {
                "type": "get_attr",
                "value": "private_key_pem"
              }
            ],
            [
              {
                "type": "get_attr",
                "value": "private_key_pem_pkcs8"
              }
            ]
          ],
          "identity_schema_version": 0
        }
      ]
    }
  ],
  "check_results": null
}
